{
	"name": "@webest/web-page-monitor-esm-loader",
	"version": "0.1.0",
	"lockfileVersion": 2,
	"requires": true,
	"packages": {
		"": {
			"name": "@webest/web-page-monitor-esm-loader",
			"version": "0.1.0",
			"license": "Apache-2.0",
			"dependencies": {
				"make-fetch-happen": "^10.0.3"
			}
		},
		"node_modules/@gar/promisify": {
			"version": "1.1.3",
			"resolved": "https://registry.npmmirror.com/@gar/promisify/-/promisify-1.1.3.tgz",
			"integrity": "sha512-k2Ty1JcVojjJFwrg/ThKi2ujJ7XNLYaFGNB/bWT9wGR+oSMJHMa5w+CUq6p/pVrKeNNgA7pCqEcjSnHVoqJQFw=="
		},
		"node_modules/@npmcli/fs": {
			"version": "1.1.1",
			"resolved": "https://registry.npmmirror.com/@npmcli/fs/-/fs-1.1.1.tgz",
			"integrity": "sha512-8KG5RD0GVP4ydEzRn/I4BNDuxDtqVbOdm8675T49OIG/NGhaK0pjPX7ZcDlvKYbA+ulvVK3ztfcF4uBdOxuJbQ==",
			"dependencies": {
				"@gar/promisify": "^1.0.1",
				"semver": "^7.3.5"
			}
		},
		"node_modules/@npmcli/move-file": {
			"version": "1.1.2",
			"resolved": "https://registry.npmmirror.com/@npmcli/move-file/-/move-file-1.1.2.tgz",
			"integrity": "sha512-1SUf/Cg2GzGDyaf15aR9St9TWlb+XvbZXWpDx8YKs7MLzMH/BCeopv+y9vzrzgkfykCGuWOlSu3mZhj2+FQcrg==",
			"dependencies": {
				"mkdirp": "^1.0.4",
				"rimraf": "^3.0.2"
			},
			"engines": {
				"node": ">=10"
			}
		},
		"node_modules/@tootallnate/once": {
			"version": "2.0.0",
			"resolved": "https://registry.npmmirror.com/@tootallnate/once/-/once-2.0.0.tgz",
			"integrity": "sha512-XCuKFP5PS55gnMVu3dty8KPatLqUoy/ZYzDzAGCQ8JNFCkLXzmI7vNHCR+XpbZaMWQK/vQubr7PkYq8g470J/A==",
			"engines": {
				"node": ">= 10"
			}
		},
		"node_modules/agent-base": {
			"version": "6.0.2",
			"resolved": "https://registry.npmmirror.com/agent-base/-/agent-base-6.0.2.tgz",
			"integrity": "sha512-RZNwNclF7+MS/8bDg70amg32dyeZGZxiDuQmZxKLAlQjr3jGyLx+4Kkk58UO7D2QdgFIQCovuSuZESne6RG6XQ==",
			"dependencies": {
				"debug": "4"
			},
			"engines": {
				"node": ">= 6.0.0"
			}
		},
		"node_modules/agentkeepalive": {
			"version": "4.2.1",
			"resolved": "https://registry.npmmirror.com/agentkeepalive/-/agentkeepalive-4.2.1.tgz",
			"integrity": "sha512-Zn4cw2NEqd+9fiSVWMscnjyQ1a8Yfoc5oBajLeo5w+YBHgDUcEBY2hS4YpTz6iN5f/2zQiktcuM6tS8x1p9dpA==",
			"dependencies": {
				"debug": "^4.1.0",
				"depd": "^1.1.2",
				"humanize-ms": "^1.2.1"
			},
			"engines": {
				"node": ">= 8.0.0"
			}
		},
		"node_modules/aggregate-error": {
			"version": "3.1.0",
			"resolved": "https://registry.npmmirror.com/aggregate-error/-/aggregate-error-3.1.0.tgz",
			"integrity": "sha512-4I7Td01quW/RpocfNayFdFVk1qSuoh0E7JrbRJ16nH01HhKFQ88INq9Sd+nd72zqRySlr9BmDA8xlEJ6vJMrYA==",
			"dependencies": {
				"clean-stack": "^2.0.0",
				"indent-string": "^4.0.0"
			},
			"engines": {
				"node": ">=8"
			}
		},
		"node_modules/balanced-match": {
			"version": "1.0.2",
			"resolved": "https://registry.npmmirror.com/balanced-match/-/balanced-match-1.0.2.tgz",
			"integrity": "sha512-3oSeUO0TMV67hN1AmbXsK4yaqU7tjiHlbxRDZOpH0KW9+CeX4bRAaX0Anxt0tx2MrpRpWwQaPwIlISEJhYU5Pw=="
		},
		"node_modules/brace-expansion": {
			"version": "1.1.11",
			"resolved": "https://registry.npmmirror.com/brace-expansion/-/brace-expansion-1.1.11.tgz",
			"integrity": "sha512-iCuPHDFgrHX7H2vEI/5xpz07zSHB00TpugqhmYtVmMO6518mCuRMoOYFldEBl0g187ufozdaHgWKcYFb61qGiA==",
			"dependencies": {
				"balanced-match": "^1.0.0",
				"concat-map": "0.0.1"
			}
		},
		"node_modules/cacache": {
			"version": "15.3.0",
			"resolved": "https://registry.npmmirror.com/cacache/-/cacache-15.3.0.tgz",
			"integrity": "sha512-VVdYzXEn+cnbXpFgWs5hTT7OScegHVmLhJIR8Ufqk3iFD6A6j5iSX1KuBTfNEv4tdJWE2PzA6IVFtcLC7fN9wQ==",
			"dependencies": {
				"@npmcli/fs": "^1.0.0",
				"@npmcli/move-file": "^1.0.1",
				"chownr": "^2.0.0",
				"fs-minipass": "^2.0.0",
				"glob": "^7.1.4",
				"infer-owner": "^1.0.4",
				"lru-cache": "^6.0.0",
				"minipass": "^3.1.1",
				"minipass-collect": "^1.0.2",
				"minipass-flush": "^1.0.5",
				"minipass-pipeline": "^1.2.2",
				"mkdirp": "^1.0.3",
				"p-map": "^4.0.0",
				"promise-inflight": "^1.0.1",
				"rimraf": "^3.0.2",
				"ssri": "^8.0.1",
				"tar": "^6.0.2",
				"unique-filename": "^1.1.1"
			},
			"engines": {
				"node": ">= 10"
			}
		},
		"node_modules/cacache/node_modules/lru-cache": {
			"version": "6.0.0",
			"resolved": "https://registry.npmmirror.com/lru-cache/-/lru-cache-6.0.0.tgz",
			"integrity": "sha512-Jo6dJ04CmSjuznwJSS3pUeWmd/H0ffTlkXXgwZi+eq1UCmqQwCh+eLsYOYCwY991i2Fah4h1BEMCx4qThGbsiA==",
			"dependencies": {
				"yallist": "^4.0.0"
			},
			"engines": {
				"node": ">=10"
			}
		},
		"node_modules/chownr": {
			"version": "2.0.0",
			"resolved": "https://registry.npmmirror.com/chownr/-/chownr-2.0.0.tgz",
			"integrity": "sha512-bIomtDF5KGpdogkLd9VspvFzk9KfpyyGlS8YFVZl7TGPBHL5snIOnxeshwVgPteQ9b4Eydl+pVbIyE1DcvCWgQ==",
			"engines": {
				"node": ">=10"
			}
		},
		"node_modules/clean-stack": {
			"version": "2.2.0",
			"resolved": "https://registry.npmmirror.com/clean-stack/-/clean-stack-2.2.0.tgz",
			"integrity": "sha512-4diC9HaTE+KRAMWhDhrGOECgWZxoevMc5TlkObMqNSsVU62PYzXZ/SMTjzyGAFF1YusgxGcSWTEXBhp0CPwQ1A==",
			"engines": {
				"node": ">=6"
			}
		},
		"node_modules/concat-map": {
			"version": "0.0.1",
			"resolved": "https://registry.npmmirror.com/concat-map/-/concat-map-0.0.1.tgz",
			"integrity": "sha512-/Srv4dswyQNBfohGpz9o6Yb3Gz3SrUDqBH5rTuhGR7ahtlbYKnVxw2bCFMRljaA7EXHaXZ8wsHdodFvbkhKmqg=="
		},
		"node_modules/debug": {
			"version": "4.3.3",
			"resolved": "https://registry.npmmirror.com/debug/-/debug-4.3.3.tgz",
			"integrity": "sha512-/zxw5+vh1Tfv+4Qn7a5nsbcJKPaSvCDhojn6FEl9vupwK2VCSDtEiEtqr8DFtzYFOdz63LBkxec7DYuc2jon6Q==",
			"dependencies": {
				"ms": "2.1.2"
			},
			"engines": {
				"node": ">=6.0"
			},
			"peerDependenciesMeta": {
				"supports-color": {
					"optional": true
				}
			}
		},
		"node_modules/depd": {
			"version": "1.1.2",
			"resolved": "https://registry.npmmirror.com/depd/-/depd-1.1.2.tgz",
			"integrity": "sha512-7emPTl6Dpo6JRXOXjLRxck+FlLRX5847cLKEn00PLAgc3g2hTZZgr+e4c2v6QpSmLeFP3n5yUo7ft6avBK/5jQ==",
			"engines": {
				"node": ">= 0.6"
			}
		},
		"node_modules/encoding": {
			"version": "0.1.13",
			"resolved": "https://registry.npmmirror.com/encoding/-/encoding-0.1.13.tgz",
			"integrity": "sha512-ETBauow1T35Y/WZMkio9jiM0Z5xjHHmJ4XmjZOq1l/dXz3lr2sRn87nJy20RupqSh1F2m3HHPSp8ShIPQJrJ3A==",
			"optional": true,
			"dependencies": {
				"iconv-lite": "^0.6.2"
			}
		},
		"node_modules/err-code": {
			"version": "2.0.3",
			"resolved": "https://registry.npmmirror.com/err-code/-/err-code-2.0.3.tgz",
			"integrity": "sha512-2bmlRpNKBxT/CRmPOlyISQpNj+qSeYvcym/uT0Jx2bMOlKLtSy1ZmLuVxSEKKyor/N5yhvp/ZiG1oE3DEYMSFA=="
		},
		"node_modules/fs-minipass": {
			"version": "2.1.0",
			"resolved": "https://registry.npmmirror.com/fs-minipass/-/fs-minipass-2.1.0.tgz",
			"integrity": "sha512-V/JgOLFCS+R6Vcq0slCuaeWEdNC3ouDlJMNIsacH2VtALiu9mV4LPrHc5cDl8k5aw6J8jwgWWpiTo5RYhmIzvg==",
			"dependencies": {
				"minipass": "^3.0.0"
			},
			"engines": {
				"node": ">= 8"
			}
		},
		"node_modules/fs.realpath": {
			"version": "1.0.0",
			"resolved": "https://registry.npmmirror.com/fs.realpath/-/fs.realpath-1.0.0.tgz",
			"integrity": "sha512-OO0pH2lK6a0hZnAdau5ItzHPI6pUlvI7jMVnxUQRtw4owF2wk8lOSabtGDCTP4Ggrg2MbGnWO9X8K1t4+fGMDw=="
		},
		"node_modules/glob": {
			"version": "7.2.0",
			"resolved": "https://registry.npmmirror.com/glob/-/glob-7.2.0.tgz",
			"integrity": "sha512-lmLf6gtyrPq8tTjSmrO94wBeQbFR3HbLHbuyD69wuyQkImp2hWqMGB47OX65FBkPffO641IP9jWa1z4ivqG26Q==",
			"dependencies": {
				"fs.realpath": "^1.0.0",
				"inflight": "^1.0.4",
				"inherits": "2",
				"minimatch": "^3.0.4",
				"once": "^1.3.0",
				"path-is-absolute": "^1.0.0"
			},
			"engines": {
				"node": "*"
			}
		},
		"node_modules/http-cache-semantics": {
			"version": "4.1.0",
			"resolved": "https://registry.npmmirror.com/http-cache-semantics/-/http-cache-semantics-4.1.0.tgz",
			"integrity": "sha512-carPklcUh7ROWRK7Cv27RPtdhYhUsela/ue5/jKzjegVvXDqM2ILE9Q2BGn9JZJh1g87cp56su/FgQSzcWS8cQ=="
		},
		"node_modules/http-proxy-agent": {
			"version": "5.0.0",
			"resolved": "https://registry.npmmirror.com/http-proxy-agent/-/http-proxy-agent-5.0.0.tgz",
			"integrity": "sha512-n2hY8YdoRE1i7r6M0w9DIw5GgZN0G25P8zLCRQ8rjXtTU3vsNFBI/vWK/UIeE6g5MUUz6avwAPXmL6Fy9D/90w==",
			"dependencies": {
				"@tootallnate/once": "2",
				"agent-base": "6",
				"debug": "4"
			},
			"engines": {
				"node": ">= 6"
			}
		},
		"node_modules/https-proxy-agent": {
			"version": "5.0.0",
			"resolved": "https://registry.npmmirror.com/https-proxy-agent/-/https-proxy-agent-5.0.0.tgz",
			"integrity": "sha512-EkYm5BcKUGiduxzSt3Eppko+PiNWNEpa4ySk9vTC6wDsQJW9rHSa+UhGNJoRYp7bz6Ht1eaRIa6QaJqO5rCFbA==",
			"dependencies": {
				"agent-base": "6",
				"debug": "4"
			},
			"engines": {
				"node": ">= 6"
			}
		},
		"node_modules/humanize-ms": {
			"version": "1.2.1",
			"resolved": "https://registry.npmmirror.com/humanize-ms/-/humanize-ms-1.2.1.tgz",
			"integrity": "sha512-Fl70vYtsAFb/C06PTS9dZBo7ihau+Tu/DNCk/OyHhea07S+aeMWpFFkUaXRa8fI+ScZbEI8dfSxwY7gxZ9SAVQ==",
			"dependencies": {
				"ms": "^2.0.0"
			}
		},
		"node_modules/iconv-lite": {
			"version": "0.6.3",
			"resolved": "https://registry.npmmirror.com/iconv-lite/-/iconv-lite-0.6.3.tgz",
			"integrity": "sha512-4fCk79wshMdzMp2rH06qWrJE4iolqLhCUH+OiuIgU++RB0+94NlDL81atO7GX55uUKueo0txHNtvEyI6D7WdMw==",
			"optional": true,
			"dependencies": {
				"safer-buffer": ">= 2.1.2 < 3.0.0"
			},
			"engines": {
				"node": ">=0.10.0"
			}
		},
		"node_modules/imurmurhash": {
			"version": "0.1.4",
			"resolved": "https://registry.npmmirror.com/imurmurhash/-/imurmurhash-0.1.4.tgz",
			"integrity": "sha512-JmXMZ6wuvDmLiHEml9ykzqO6lwFbof0GG4IkcGaENdCRDDmMVnny7s5HsIgHCbaq0w2MyPhDqkhTUgS2LU2PHA==",
			"engines": {
				"node": ">=0.8.19"
			}
		},
		"node_modules/indent-string": {
			"version": "4.0.0",
			"resolved": "https://registry.npmmirror.com/indent-string/-/indent-string-4.0.0.tgz",
			"integrity": "sha512-EdDDZu4A2OyIK7Lr/2zG+w5jmbuk1DVBnEwREQvBzspBJkCEbRa8GxU1lghYcaGJCnRWibjDXlq779X1/y5xwg==",
			"engines": {
				"node": ">=8"
			}
		},
		"node_modules/infer-owner": {
			"version": "1.0.4",
			"resolved": "https://registry.npmmirror.com/infer-owner/-/infer-owner-1.0.4.tgz",
			"integrity": "sha512-IClj+Xz94+d7irH5qRyfJonOdfTzuDaifE6ZPWfx0N0+/ATZCbuTPq2prFl526urkQd90WyUKIh1DfBQ2hMz9A=="
		},
		"node_modules/inflight": {
			"version": "1.0.6",
			"resolved": "https://registry.npmmirror.com/inflight/-/inflight-1.0.6.tgz",
			"integrity": "sha512-k92I/b08q4wvFscXCLvqfsHCrjrF7yiXsQuIVvVE7N82W3+aqpzuUdBbfhWcy/FZR3/4IgflMgKLOsvPDrGCJA==",
			"dependencies": {
				"once": "^1.3.0",
				"wrappy": "1"
			}
		},
		"node_modules/inherits": {
			"version": "2.0.4",
			"resolved": "https://registry.npmmirror.com/inherits/-/inherits-2.0.4.tgz",
			"integrity": "sha512-k/vGaX4/Yla3WzyMCvTQOXYeIHvqOKtnqBduzTHpzpQZzAskKMhZ2K+EnBiSM9zGSoIFeMpXKxa4dYeZIQqewQ=="
		},
		"node_modules/ip": {
			"version": "1.1.5",
			"resolved": "https://registry.npmmirror.com/ip/-/ip-1.1.5.tgz",
			"integrity": "sha512-rBtCAQAJm8A110nbwn6YdveUnuZH3WrC36IwkRXxDnq53JvXA2NVQvB7IHyKomxK1MJ4VDNw3UtFDdXQ+AvLYA=="
		},
		"node_modules/is-lambda": {
			"version": "1.0.1",
			"resolved": "https://registry.npmmirror.com/is-lambda/-/is-lambda-1.0.1.tgz",
			"integrity": "sha512-z7CMFGNrENq5iFB9Bqo64Xk6Y9sg+epq1myIcdHaGnbMTYOxvzsEtdYqQUylB7LxfkvgrrjP32T6Ywciio9UIQ=="
		},
		"node_modules/lru-cache": {
			"version": "7.4.0",
			"resolved": "https://registry.npmmirror.com/lru-cache/-/lru-cache-7.4.0.tgz",
			"integrity": "sha512-YOfuyWa/Ee+PXbDm40j9WXyJrzQUynVbgn4Km643UYcWNcrSfRkKL0WaiUcxcIbkXcVTgNpDqSnPXntWXT75cw==",
			"engines": {
				"node": ">=12"
			}
		},
		"node_modules/make-fetch-happen": {
			"version": "10.0.3",
			"resolved": "https://registry.npmmirror.com/make-fetch-happen/-/make-fetch-happen-10.0.3.tgz",
			"integrity": "sha512-CzarPHynPpHjhF5in/YapnO44rSZeYX5VCMfdXa99+gLwpbfFLh20CWa6dP/taV9Net9PWJwXNKtp/4ZTCQnag==",
			"dependencies": {
				"agentkeepalive": "^4.2.0",
				"cacache": "^15.3.0",
				"http-cache-semantics": "^4.1.0",
				"http-proxy-agent": "^5.0.0",
				"https-proxy-agent": "^5.0.0",
				"is-lambda": "^1.0.1",
				"lru-cache": "^7.3.1",
				"minipass": "^3.1.6",
				"minipass-collect": "^1.0.2",
				"minipass-fetch": "^1.4.1",
				"minipass-flush": "^1.0.5",
				"minipass-pipeline": "^1.2.4",
				"negotiator": "^0.6.3",
				"promise-retry": "^2.0.1",
				"socks-proxy-agent": "^6.1.1",
				"ssri": "^8.0.1"
			},
			"engines": {
				"node": "^12.13.0 || ^14.15.0 || >=16"
			}
		},
		"node_modules/minimatch": {
			"version": "3.1.2",
			"resolved": "https://registry.npmmirror.com/minimatch/-/minimatch-3.1.2.tgz",
			"integrity": "sha512-J7p63hRiAjw1NDEww1W7i37+ByIrOWO5XQQAzZ3VOcL0PNybwpfmV/N05zFAzwQ9USyEcX6t3UO+K5aqBQOIHw==",
			"dependencies": {
				"brace-expansion": "^1.1.7"
			},
			"engines": {
				"node": "*"
			}
		},
		"node_modules/minipass": {
			"version": "3.1.6",
			"resolved": "https://registry.npmmirror.com/minipass/-/minipass-3.1.6.tgz",
			"integrity": "sha512-rty5kpw9/z8SX9dmxblFA6edItUmwJgMeYDZRrwlIVN27i8gysGbznJwUggw2V/FVqFSDdWy040ZPS811DYAqQ==",
			"dependencies": {
				"yallist": "^4.0.0"
			},
			"engines": {
				"node": ">=8"
			}
		},
		"node_modules/minipass-collect": {
			"version": "1.0.2",
			"resolved": "https://registry.npmmirror.com/minipass-collect/-/minipass-collect-1.0.2.tgz",
			"integrity": "sha512-6T6lH0H8OG9kITm/Jm6tdooIbogG9e0tLgpY6mphXSm/A9u8Nq1ryBG+Qspiub9LjWlBPsPS3tWQ/Botq4FdxA==",
			"dependencies": {
				"minipass": "^3.0.0"
			},
			"engines": {
				"node": ">= 8"
			}
		},
		"node_modules/minipass-fetch": {
			"version": "1.4.1",
			"resolved": "https://registry.npmmirror.com/minipass-fetch/-/minipass-fetch-1.4.1.tgz",
			"integrity": "sha512-CGH1eblLq26Y15+Azk7ey4xh0J/XfJfrCox5LDJiKqI2Q2iwOLOKrlmIaODiSQS8d18jalF6y2K2ePUm0CmShw==",
			"dependencies": {
				"minipass": "^3.1.0",
				"minipass-sized": "^1.0.3",
				"minizlib": "^2.0.0"
			},
			"engines": {
				"node": ">=8"
			},
			"optionalDependencies": {
				"encoding": "^0.1.12"
			}
		},
		"node_modules/minipass-flush": {
			"version": "1.0.5",
			"resolved": "https://registry.npmmirror.com/minipass-flush/-/minipass-flush-1.0.5.tgz",
			"integrity": "sha512-JmQSYYpPUqX5Jyn1mXaRwOda1uQ8HP5KAT/oDSLCzt1BYRhQU0/hDtsB1ufZfEEzMZ9aAVmsBw8+FWsIXlClWw==",
			"dependencies": {
				"minipass": "^3.0.0"
			},
			"engines": {
				"node": ">= 8"
			}
		},
		"node_modules/minipass-pipeline": {
			"version": "1.2.4",
			"resolved": "https://registry.npmmirror.com/minipass-pipeline/-/minipass-pipeline-1.2.4.tgz",
			"integrity": "sha512-xuIq7cIOt09RPRJ19gdi4b+RiNvDFYe5JH+ggNvBqGqpQXcru3PcRmOZuHBKWK1Txf9+cQ+HMVN4d6z46LZP7A==",
			"dependencies": {
				"minipass": "^3.0.0"
			},
			"engines": {
				"node": ">=8"
			}
		},
		"node_modules/minipass-sized": {
			"version": "1.0.3",
			"resolved": "https://registry.npmmirror.com/minipass-sized/-/minipass-sized-1.0.3.tgz",
			"integrity": "sha512-MbkQQ2CTiBMlA2Dm/5cY+9SWFEN8pzzOXi6rlM5Xxq0Yqbda5ZQy9sU75a673FE9ZK0Zsbr6Y5iP6u9nktfg2g==",
			"dependencies": {
				"minipass": "^3.0.0"
			},
			"engines": {
				"node": ">=8"
			}
		},
		"node_modules/minizlib": {
			"version": "2.1.2",
			"resolved": "https://registry.npmmirror.com/minizlib/-/minizlib-2.1.2.tgz",
			"integrity": "sha512-bAxsR8BVfj60DWXHE3u30oHzfl4G7khkSuPW+qvpd7jFRHm7dLxOjUk1EHACJ/hxLY8phGJ0YhYHZo7jil7Qdg==",
			"dependencies": {
				"minipass": "^3.0.0",
				"yallist": "^4.0.0"
			},
			"engines": {
				"node": ">= 8"
			}
		},
		"node_modules/mkdirp": {
			"version": "1.0.4",
			"resolved": "https://registry.npmmirror.com/mkdirp/-/mkdirp-1.0.4.tgz",
			"integrity": "sha512-vVqVZQyf3WLx2Shd0qJ9xuvqgAyKPLAiqITEtqW0oIUjzo3PePDd6fW9iFz30ef7Ysp/oiWqbhszeGWW2T6Gzw==",
			"bin": {
				"mkdirp": "bin/cmd.js"
			},
			"engines": {
				"node": ">=10"
			}
		},
		"node_modules/ms": {
			"version": "2.1.2",
			"resolved": "https://registry.npmmirror.com/ms/-/ms-2.1.2.tgz",
			"integrity": "sha512-sGkPx+VjMtmA6MX27oA4FBFELFCZZ4S4XqeGOXCv68tT+jb3vk/RyaKWP0PTKyWtmLSM0b+adUTEvbs1PEaH2w=="
		},
		"node_modules/negotiator": {
			"version": "0.6.3",
			"resolved": "https://registry.npmmirror.com/negotiator/-/negotiator-0.6.3.tgz",
			"integrity": "sha512-+EUsqGPLsM+j/zdChZjsnX51g4XrHFOIXwfnCVPGlQk/k5giakcKsuxCObBRu6DSm9opw/O6slWbJdghQM4bBg==",
			"engines": {
				"node": ">= 0.6"
			}
		},
		"node_modules/once": {
			"version": "1.4.0",
			"resolved": "https://registry.npmmirror.com/once/-/once-1.4.0.tgz",
			"integrity": "sha512-lNaJgI+2Q5URQBkccEKHTQOPaXdUxnZZElQTZY0MFUAuaEqe1E+Nyvgdz/aIyNi6Z9MzO5dv1H8n58/GELp3+w==",
			"dependencies": {
				"wrappy": "1"
			}
		},
		"node_modules/p-map": {
			"version": "4.0.0",
			"resolved": "https://registry.npmmirror.com/p-map/-/p-map-4.0.0.tgz",
			"integrity": "sha512-/bjOqmgETBYB5BoEeGVea8dmvHb2m9GLy1E9W43yeyfP6QQCZGFNa+XRceJEuDB6zqr+gKpIAmlLebMpykw/MQ==",
			"dependencies": {
				"aggregate-error": "^3.0.0"
			},
			"engines": {
				"node": ">=10"
			}
		},
		"node_modules/path-is-absolute": {
			"version": "1.0.1",
			"resolved": "https://registry.npmmirror.com/path-is-absolute/-/path-is-absolute-1.0.1.tgz",
			"integrity": "sha512-AVbw3UJ2e9bq64vSaS9Am0fje1Pa8pbGqTTsmXfaIiMpnr5DlDhfJOuLj9Sf95ZPVDAUerDfEk88MPmPe7UCQg==",
			"engines": {
				"node": ">=0.10.0"
			}
		},
		"node_modules/promise-inflight": {
			"version": "1.0.1",
			"resolved": "https://registry.npmmirror.com/promise-inflight/-/promise-inflight-1.0.1.tgz",
			"integrity": "sha512-6zWPyEOFaQBJYcGMHBKTKJ3u6TBsnMFOIZSa6ce1e/ZrrsOlnHRHbabMjLiBYKp+n44X9eUI6VUPaukCXHuG4g=="
		},
		"node_modules/promise-retry": {
			"version": "2.0.1",
			"resolved": "https://registry.npmmirror.com/promise-retry/-/promise-retry-2.0.1.tgz",
			"integrity": "sha512-y+WKFlBR8BGXnsNlIHFGPZmyDf3DFMoLhaflAnyZgV6rG6xu+JwesTo2Q9R6XwYmtmwAFCkAk3e35jEdoeh/3g==",
			"dependencies": {
				"err-code": "^2.0.2",
				"retry": "^0.12.0"
			},
			"engines": {
				"node": ">=10"
			}
		},
		"node_modules/retry": {
			"version": "0.12.0",
			"resolved": "https://registry.npmmirror.com/retry/-/retry-0.12.0.tgz",
			"integrity": "sha512-9LkiTwjUh6rT555DtE9rTX+BKByPfrMzEAtnlEtdEwr3Nkffwiihqe2bWADg+OQRjt9gl6ICdmB/ZFDCGAtSow==",
			"engines": {
				"node": ">= 4"
			}
		},
		"node_modules/rimraf": {
			"version": "3.0.2",
			"resolved": "https://registry.npmmirror.com/rimraf/-/rimraf-3.0.2.tgz",
			"integrity": "sha512-JZkJMZkAGFFPP2YqXZXPbMlMBgsxzE8ILs4lMIX/2o0L9UBw9O/Y3o6wFw/i9YLapcUJWwqbi3kdxIPdC62TIA==",
			"dependencies": {
				"glob": "^7.1.3"
			},
			"bin": {
				"rimraf": "bin.js"
			}
		},
		"node_modules/safer-buffer": {
			"version": "2.1.2",
			"resolved": "https://registry.npmmirror.com/safer-buffer/-/safer-buffer-2.1.2.tgz",
			"integrity": "sha512-YZo3K82SD7Riyi0E1EQPojLz7kpepnSQI9IyPbHHg1XXXevb5dJI7tpyN2ADxGcQbHG7vcyRHk0cbwqcQriUtg==",
			"optional": true
		},
		"node_modules/semver": {
			"version": "7.3.5",
			"resolved": "https://registry.npmmirror.com/semver/-/semver-7.3.5.tgz",
			"integrity": "sha512-PoeGJYh8HK4BTO/a9Tf6ZG3veo/A7ZVsYrSA6J8ny9nb3B1VrpkuN+z9OE5wfE5p6H4LchYZsegiQgbJD94ZFQ==",
			"dependencies": {
				"lru-cache": "^6.0.0"
			},
			"bin": {
				"semver": "bin/semver.js"
			},
			"engines": {
				"node": ">=10"
			}
		},
		"node_modules/semver/node_modules/lru-cache": {
			"version": "6.0.0",
			"resolved": "https://registry.npmmirror.com/lru-cache/-/lru-cache-6.0.0.tgz",
			"integrity": "sha512-Jo6dJ04CmSjuznwJSS3pUeWmd/H0ffTlkXXgwZi+eq1UCmqQwCh+eLsYOYCwY991i2Fah4h1BEMCx4qThGbsiA==",
			"dependencies": {
				"yallist": "^4.0.0"
			},
			"engines": {
				"node": ">=10"
			}
		},
		"node_modules/smart-buffer": {
			"version": "4.2.0",
			"resolved": "https://registry.npmmirror.com/smart-buffer/-/smart-buffer-4.2.0.tgz",
			"integrity": "sha512-94hK0Hh8rPqQl2xXc3HsaBoOXKV20MToPkcXvwbISWLEs+64sBq5kFgn2kJDHb1Pry9yrP0dxrCI9RRci7RXKg==",
			"engines": {
				"node": ">= 6.0.0",
				"npm": ">= 3.0.0"
			}
		},
		"node_modules/socks": {
			"version": "2.6.2",
			"resolved": "https://registry.npmmirror.com/socks/-/socks-2.6.2.tgz",
			"integrity": "sha512-zDZhHhZRY9PxRruRMR7kMhnf3I8hDs4S3f9RecfnGxvcBHQcKcIH/oUcEWffsfl1XxdYlA7nnlGbbTvPz9D8gA==",
			"dependencies": {
				"ip": "^1.1.5",
				"smart-buffer": "^4.2.0"
			},
			"engines": {
				"node": ">= 10.13.0",
				"npm": ">= 3.0.0"
			}
		},
		"node_modules/socks-proxy-agent": {
			"version": "6.1.1",
			"resolved": "https://registry.npmmirror.com/socks-proxy-agent/-/socks-proxy-agent-6.1.1.tgz",
			"integrity": "sha512-t8J0kG3csjA4g6FTbsMOWws+7R7vuRC8aQ/wy3/1OWmsgwA68zs/+cExQ0koSitUDXqhufF/YJr9wtNMZHw5Ew==",
			"dependencies": {
				"agent-base": "^6.0.2",
				"debug": "^4.3.1",
				"socks": "^2.6.1"
			},
			"engines": {
				"node": ">= 10"
			}
		},
		"node_modules/ssri": {
			"version": "8.0.1",
			"resolved": "https://registry.npmmirror.com/ssri/-/ssri-8.0.1.tgz",
			"integrity": "sha512-97qShzy1AiyxvPNIkLWoGua7xoQzzPjQ0HAH4B0rWKo7SZ6USuPcrUiAFrws0UH8RrbWmgq3LMTObhPIHbbBeQ==",
			"dependencies": {
				"minipass": "^3.1.1"
			},
			"engines": {
				"node": ">= 8"
			}
		},
		"node_modules/tar": {
			"version": "6.1.11",
			"resolved": "https://registry.npmmirror.com/tar/-/tar-6.1.11.tgz",
			"integrity": "sha512-an/KZQzQUkZCkuoAA64hM92X0Urb6VpRhAFllDzz44U2mcD5scmT3zBc4VgVpkugF580+DQn8eAFSyoQt0tznA==",
			"dependencies": {
				"chownr": "^2.0.0",
				"fs-minipass": "^2.0.0",
				"minipass": "^3.0.0",
				"minizlib": "^2.1.1",
				"mkdirp": "^1.0.3",
				"yallist": "^4.0.0"
			},
			"engines": {
				"node": ">= 10"
			}
		},
		"node_modules/unique-filename": {
			"version": "1.1.1",
			"resolved": "https://registry.npmmirror.com/unique-filename/-/unique-filename-1.1.1.tgz",
			"integrity": "sha512-Vmp0jIp2ln35UTXuryvjzkjGdRyf9b2lTXuSYUiPmzRcl3FDtYqAwOnTJkAngD9SWhnoJzDbTKwaOrZ+STtxNQ==",
			"dependencies": {
				"unique-slug": "^2.0.0"
			}
		},
		"node_modules/unique-slug": {
			"version": "2.0.2",
			"resolved": "https://registry.npmmirror.com/unique-slug/-/unique-slug-2.0.2.tgz",
			"integrity": "sha512-zoWr9ObaxALD3DOPfjPSqxt4fnZiWblxHIgeWqW8x7UqDzEtHEQLzji2cuJYQFCU6KmoJikOYAZlrTHHebjx2w==",
			"dependencies": {
				"imurmurhash": "^0.1.4"
			}
		},
		"node_modules/wrappy": {
			"version": "1.0.2",
			"resolved": "https://registry.npmmirror.com/wrappy/-/wrappy-1.0.2.tgz",
			"integrity": "sha512-l4Sp/DRseor9wL6EvV2+TuQn63dMkPjZ/sp9XkghTEbV9KlPS1xUsZ3u7/IQO4wxtcFB4bgpQPRcR3QCvezPcQ=="
		},
		"node_modules/yallist": {
			"version": "4.0.0",
			"resolved": "https://registry.npmmirror.com/yallist/-/yallist-4.0.0.tgz",
			"integrity": "sha512-3wdGidZyq5PB084XLES5TpOSRA3wjXAlIWMhum2kRcv/41Sn2emQ0dycQW4uZXLejwKvg6EsvbdlVL+FYEct7A=="
		}
	},
	"dependencies": {
		"@gar/promisify": {
			"version": "1.1.3",
			"resolved": "https://registry.npmmirror.com/@gar/promisify/-/promisify-1.1.3.tgz",
			"integrity": "sha512-k2Ty1JcVojjJFwrg/ThKi2ujJ7XNLYaFGNB/bWT9wGR+oSMJHMa5w+CUq6p/pVrKeNNgA7pCqEcjSnHVoqJQFw=="
		},
		"@npmcli/fs": {
			"version": "1.1.1",
			"resolved": "https://registry.npmmirror.com/@npmcli/fs/-/fs-1.1.1.tgz",
			"integrity": "sha512-8KG5RD0GVP4ydEzRn/I4BNDuxDtqVbOdm8675T49OIG/NGhaK0pjPX7ZcDlvKYbA+ulvVK3ztfcF4uBdOxuJbQ==",
			"requires": {
				"@gar/promisify": "^1.0.1",
				"semver": "^7.3.5"
			}
		},
		"@npmcli/move-file": {
			"version": "1.1.2",
			"resolved": "https://registry.npmmirror.com/@npmcli/move-file/-/move-file-1.1.2.tgz",
			"integrity": "sha512-1SUf/Cg2GzGDyaf15aR9St9TWlb+XvbZXWpDx8YKs7MLzMH/BCeopv+y9vzrzgkfykCGuWOlSu3mZhj2+FQcrg==",
			"requires": {
				"mkdirp": "^1.0.4",
				"rimraf": "^3.0.2"
			}
		},
		"@tootallnate/once": {
			"version": "2.0.0",
			"resolved": "https://registry.npmmirror.com/@tootallnate/once/-/once-2.0.0.tgz",
			"integrity": "sha512-XCuKFP5PS55gnMVu3dty8KPatLqUoy/ZYzDzAGCQ8JNFCkLXzmI7vNHCR+XpbZaMWQK/vQubr7PkYq8g470J/A=="
		},
		"agent-base": {
			"version": "6.0.2",
			"resolved": "https://registry.npmmirror.com/agent-base/-/agent-base-6.0.2.tgz",
			"integrity": "sha512-RZNwNclF7+MS/8bDg70amg32dyeZGZxiDuQmZxKLAlQjr3jGyLx+4Kkk58UO7D2QdgFIQCovuSuZESne6RG6XQ==",
			"requires": {
				"debug": "4"
			}
		},
		"agentkeepalive": {
			"version": "4.2.1",
			"resolved": "https://registry.npmmirror.com/agentkeepalive/-/agentkeepalive-4.2.1.tgz",
			"integrity": "sha512-Zn4cw2NEqd+9fiSVWMscnjyQ1a8Yfoc5oBajLeo5w+YBHgDUcEBY2hS4YpTz6iN5f/2zQiktcuM6tS8x1p9dpA==",
			"requires": {
				"debug": "^4.1.0",
				"depd": "^1.1.2",
				"humanize-ms": "^1.2.1"
			}
		},
		"aggregate-error": {
			"version": "3.1.0",
			"resolved": "https://registry.npmmirror.com/aggregate-error/-/aggregate-error-3.1.0.tgz",
			"integrity": "sha512-4I7Td01quW/RpocfNayFdFVk1qSuoh0E7JrbRJ16nH01HhKFQ88INq9Sd+nd72zqRySlr9BmDA8xlEJ6vJMrYA==",
			"requires": {
				"clean-stack": "^2.0.0",
				"indent-string": "^4.0.0"
			}
		},
		"balanced-match": {
			"version": "1.0.2",
			"resolved": "https://registry.npmmirror.com/balanced-match/-/balanced-match-1.0.2.tgz",
			"integrity": "sha512-3oSeUO0TMV67hN1AmbXsK4yaqU7tjiHlbxRDZOpH0KW9+CeX4bRAaX0Anxt0tx2MrpRpWwQaPwIlISEJhYU5Pw=="
		},
		"brace-expansion": {
			"version": "1.1.11",
			"resolved": "https://registry.npmmirror.com/brace-expansion/-/brace-expansion-1.1.11.tgz",
			"integrity": "sha512-iCuPHDFgrHX7H2vEI/5xpz07zSHB00TpugqhmYtVmMO6518mCuRMoOYFldEBl0g187ufozdaHgWKcYFb61qGiA==",
			"requires": {
				"balanced-match": "^1.0.0",
				"concat-map": "0.0.1"
			}
		},
		"cacache": {
			"version": "15.3.0",
			"resolved": "https://registry.npmmirror.com/cacache/-/cacache-15.3.0.tgz",
			"integrity": "sha512-VVdYzXEn+cnbXpFgWs5hTT7OScegHVmLhJIR8Ufqk3iFD6A6j5iSX1KuBTfNEv4tdJWE2PzA6IVFtcLC7fN9wQ==",
			"requires": {
				"@npmcli/fs": "^1.0.0",
				"@npmcli/move-file": "^1.0.1",
				"chownr": "^2.0.0",
				"fs-minipass": "^2.0.0",
				"glob": "^7.1.4",
				"infer-owner": "^1.0.4",
				"lru-cache": "^6.0.0",
				"minipass": "^3.1.1",
				"minipass-collect": "^1.0.2",
				"minipass-flush": "^1.0.5",
				"minipass-pipeline": "^1.2.2",
				"mkdirp": "^1.0.3",
				"p-map": "^4.0.0",
				"promise-inflight": "^1.0.1",
				"rimraf": "^3.0.2",
				"ssri": "^8.0.1",
				"tar": "^6.0.2",
				"unique-filename": "^1.1.1"
			},
			"dependencies": {
				"lru-cache": {
					"version": "6.0.0",
					"resolved": "https://registry.npmmirror.com/lru-cache/-/lru-cache-6.0.0.tgz",
					"integrity": "sha512-Jo6dJ04CmSjuznwJSS3pUeWmd/H0ffTlkXXgwZi+eq1UCmqQwCh+eLsYOYCwY991i2Fah4h1BEMCx4qThGbsiA==",
					"requires": {
						"yallist": "^4.0.0"
					}
				}
			}
		},
		"chownr": {
			"version": "2.0.0",
			"resolved": "https://registry.npmmirror.com/chownr/-/chownr-2.0.0.tgz",
			"integrity": "sha512-bIomtDF5KGpdogkLd9VspvFzk9KfpyyGlS8YFVZl7TGPBHL5snIOnxeshwVgPteQ9b4Eydl+pVbIyE1DcvCWgQ=="
		},
		"clean-stack": {
			"version": "2.2.0",
			"resolved": "https://registry.npmmirror.com/clean-stack/-/clean-stack-2.2.0.tgz",
			"integrity": "sha512-4diC9HaTE+KRAMWhDhrGOECgWZxoevMc5TlkObMqNSsVU62PYzXZ/SMTjzyGAFF1YusgxGcSWTEXBhp0CPwQ1A=="
		},
		"concat-map": {
			"version": "0.0.1",
			"resolved": "https://registry.npmmirror.com/concat-map/-/concat-map-0.0.1.tgz",
			"integrity": "sha512-/Srv4dswyQNBfohGpz9o6Yb3Gz3SrUDqBH5rTuhGR7ahtlbYKnVxw2bCFMRljaA7EXHaXZ8wsHdodFvbkhKmqg=="
		},
		"debug": {
			"version": "4.3.3",
			"resolved": "https://registry.npmmirror.com/debug/-/debug-4.3.3.tgz",
			"integrity": "sha512-/zxw5+vh1Tfv+4Qn7a5nsbcJKPaSvCDhojn6FEl9vupwK2VCSDtEiEtqr8DFtzYFOdz63LBkxec7DYuc2jon6Q==",
			"requires": {
				"ms": "2.1.2"
			}
		},
		"depd": {
			"version": "1.1.2",
			"resolved": "https://registry.npmmirror.com/depd/-/depd-1.1.2.tgz",
			"integrity": "sha512-7emPTl6Dpo6JRXOXjLRxck+FlLRX5847cLKEn00PLAgc3g2hTZZgr+e4c2v6QpSmLeFP3n5yUo7ft6avBK/5jQ=="
		},
		"encoding": {
			"version": "0.1.13",
			"resolved": "https://registry.npmmirror.com/encoding/-/encoding-0.1.13.tgz",
			"integrity": "sha512-ETBauow1T35Y/WZMkio9jiM0Z5xjHHmJ4XmjZOq1l/dXz3lr2sRn87nJy20RupqSh1F2m3HHPSp8ShIPQJrJ3A==",
			"optional": true,
			"requires": {
				"iconv-lite": "^0.6.2"
			}
		},
		"err-code": {
			"version": "2.0.3",
			"resolved": "https://registry.npmmirror.com/err-code/-/err-code-2.0.3.tgz",
			"integrity": "sha512-2bmlRpNKBxT/CRmPOlyISQpNj+qSeYvcym/uT0Jx2bMOlKLtSy1ZmLuVxSEKKyor/N5yhvp/ZiG1oE3DEYMSFA=="
		},
		"fs-minipass": {
			"version": "2.1.0",
			"resolved": "https://registry.npmmirror.com/fs-minipass/-/fs-minipass-2.1.0.tgz",
			"integrity": "sha512-V/JgOLFCS+R6Vcq0slCuaeWEdNC3ouDlJMNIsacH2VtALiu9mV4LPrHc5cDl8k5aw6J8jwgWWpiTo5RYhmIzvg==",
			"requires": {
				"minipass": "^3.0.0"
			}
		},
		"fs.realpath": {
			"version": "1.0.0",
			"resolved": "https://registry.npmmirror.com/fs.realpath/-/fs.realpath-1.0.0.tgz",
			"integrity": "sha512-OO0pH2lK6a0hZnAdau5ItzHPI6pUlvI7jMVnxUQRtw4owF2wk8lOSabtGDCTP4Ggrg2MbGnWO9X8K1t4+fGMDw=="
		},
		"glob": {
			"version": "7.2.0",
			"resolved": "https://registry.npmmirror.com/glob/-/glob-7.2.0.tgz",
			"integrity": "sha512-lmLf6gtyrPq8tTjSmrO94wBeQbFR3HbLHbuyD69wuyQkImp2hWqMGB47OX65FBkPffO641IP9jWa1z4ivqG26Q==",
			"requires": {
				"fs.realpath": "^1.0.0",
				"inflight": "^1.0.4",
				"inherits": "2",
				"minimatch": "^3.0.4",
				"once": "^1.3.0",
				"path-is-absolute": "^1.0.0"
			}
		},
		"http-cache-semantics": {
			"version": "4.1.0",
			"resolved": "https://registry.npmmirror.com/http-cache-semantics/-/http-cache-semantics-4.1.0.tgz",
			"integrity": "sha512-carPklcUh7ROWRK7Cv27RPtdhYhUsela/ue5/jKzjegVvXDqM2ILE9Q2BGn9JZJh1g87cp56su/FgQSzcWS8cQ=="
		},
		"http-proxy-agent": {
			"version": "5.0.0",
			"resolved": "https://registry.npmmirror.com/http-proxy-agent/-/http-proxy-agent-5.0.0.tgz",
			"integrity": "sha512-n2hY8YdoRE1i7r6M0w9DIw5GgZN0G25P8zLCRQ8rjXtTU3vsNFBI/vWK/UIeE6g5MUUz6avwAPXmL6Fy9D/90w==",
			"requires": {
				"@tootallnate/once": "2",
				"agent-base": "6",
				"debug": "4"
			}
		},
		"https-proxy-agent": {
			"version": "5.0.0",
			"resolved": "https://registry.npmmirror.com/https-proxy-agent/-/https-proxy-agent-5.0.0.tgz",
			"integrity": "sha512-EkYm5BcKUGiduxzSt3Eppko+PiNWNEpa4ySk9vTC6wDsQJW9rHSa+UhGNJoRYp7bz6Ht1eaRIa6QaJqO5rCFbA==",
			"requires": {
				"agent-base": "6",
				"debug": "4"
			}
		},
		"humanize-ms": {
			"version": "1.2.1",
			"resolved": "https://registry.npmmirror.com/humanize-ms/-/humanize-ms-1.2.1.tgz",
			"integrity": "sha512-Fl70vYtsAFb/C06PTS9dZBo7ihau+Tu/DNCk/OyHhea07S+aeMWpFFkUaXRa8fI+ScZbEI8dfSxwY7gxZ9SAVQ==",
			"requires": {
				"ms": "^2.0.0"
			}
		},
		"iconv-lite": {
			"version": "0.6.3",
			"resolved": "https://registry.npmmirror.com/iconv-lite/-/iconv-lite-0.6.3.tgz",
			"integrity": "sha512-4fCk79wshMdzMp2rH06qWrJE4iolqLhCUH+OiuIgU++RB0+94NlDL81atO7GX55uUKueo0txHNtvEyI6D7WdMw==",
			"optional": true,
			"requires": {
				"safer-buffer": ">= 2.1.2 < 3.0.0"
			}
		},
		"imurmurhash": {
			"version": "0.1.4",
			"resolved": "https://registry.npmmirror.com/imurmurhash/-/imurmurhash-0.1.4.tgz",
			"integrity": "sha512-JmXMZ6wuvDmLiHEml9ykzqO6lwFbof0GG4IkcGaENdCRDDmMVnny7s5HsIgHCbaq0w2MyPhDqkhTUgS2LU2PHA=="
		},
		"indent-string": {
			"version": "4.0.0",
			"resolved": "https://registry.npmmirror.com/indent-string/-/indent-string-4.0.0.tgz",
			"integrity": "sha512-EdDDZu4A2OyIK7Lr/2zG+w5jmbuk1DVBnEwREQvBzspBJkCEbRa8GxU1lghYcaGJCnRWibjDXlq779X1/y5xwg=="
		},
		"infer-owner": {
			"version": "1.0.4",
			"resolved": "https://registry.npmmirror.com/infer-owner/-/infer-owner-1.0.4.tgz",
			"integrity": "sha512-IClj+Xz94+d7irH5qRyfJonOdfTzuDaifE6ZPWfx0N0+/ATZCbuTPq2prFl526urkQd90WyUKIh1DfBQ2hMz9A=="
		},
		"inflight": {
			"version": "1.0.6",
			"resolved": "https://registry.npmmirror.com/inflight/-/inflight-1.0.6.tgz",
			"integrity": "sha512-k92I/b08q4wvFscXCLvqfsHCrjrF7yiXsQuIVvVE7N82W3+aqpzuUdBbfhWcy/FZR3/4IgflMgKLOsvPDrGCJA==",
			"requires": {
				"once": "^1.3.0",
				"wrappy": "1"
			}
		},
		"inherits": {
			"version": "2.0.4",
			"resolved": "https://registry.npmmirror.com/inherits/-/inherits-2.0.4.tgz",
			"integrity": "sha512-k/vGaX4/Yla3WzyMCvTQOXYeIHvqOKtnqBduzTHpzpQZzAskKMhZ2K+EnBiSM9zGSoIFeMpXKxa4dYeZIQqewQ=="
		},
		"ip": {
			"version": "1.1.5",
			"resolved": "https://registry.npmmirror.com/ip/-/ip-1.1.5.tgz",
			"integrity": "sha512-rBtCAQAJm8A110nbwn6YdveUnuZH3WrC36IwkRXxDnq53JvXA2NVQvB7IHyKomxK1MJ4VDNw3UtFDdXQ+AvLYA=="
		},
		"is-lambda": {
			"version": "1.0.1",
			"resolved": "https://registry.npmmirror.com/is-lambda/-/is-lambda-1.0.1.tgz",
			"integrity": "sha512-z7CMFGNrENq5iFB9Bqo64Xk6Y9sg+epq1myIcdHaGnbMTYOxvzsEtdYqQUylB7LxfkvgrrjP32T6Ywciio9UIQ=="
		},
		"lru-cache": {
			"version": "7.4.0",
			"resolved": "https://registry.npmmirror.com/lru-cache/-/lru-cache-7.4.0.tgz",
			"integrity": "sha512-YOfuyWa/Ee+PXbDm40j9WXyJrzQUynVbgn4Km643UYcWNcrSfRkKL0WaiUcxcIbkXcVTgNpDqSnPXntWXT75cw=="
		},
		"make-fetch-happen": {
			"version": "10.0.3",
			"resolved": "https://registry.npmmirror.com/make-fetch-happen/-/make-fetch-happen-10.0.3.tgz",
			"integrity": "sha512-CzarPHynPpHjhF5in/YapnO44rSZeYX5VCMfdXa99+gLwpbfFLh20CWa6dP/taV9Net9PWJwXNKtp/4ZTCQnag==",
			"requires": {
				"agentkeepalive": "^4.2.0",
				"cacache": "^15.3.0",
				"http-cache-semantics": "^4.1.0",
				"http-proxy-agent": "^5.0.0",
				"https-proxy-agent": "^5.0.0",
				"is-lambda": "^1.0.1",
				"lru-cache": "^7.3.1",
				"minipass": "^3.1.6",
				"minipass-collect": "^1.0.2",
				"minipass-fetch": "^1.4.1",
				"minipass-flush": "^1.0.5",
				"minipass-pipeline": "^1.2.4",
				"negotiator": "^0.6.3",
				"promise-retry": "^2.0.1",
				"socks-proxy-agent": "^6.1.1",
				"ssri": "^8.0.1"
			}
		},
		"minimatch": {
			"version": "3.1.2",
			"resolved": "https://registry.npmmirror.com/minimatch/-/minimatch-3.1.2.tgz",
			"integrity": "sha512-J7p63hRiAjw1NDEww1W7i37+ByIrOWO5XQQAzZ3VOcL0PNybwpfmV/N05zFAzwQ9USyEcX6t3UO+K5aqBQOIHw==",
			"requires": {
				"brace-expansion": "^1.1.7"
			}
		},
		"minipass": {
			"version": "3.1.6",
			"resolved": "https://registry.npmmirror.com/minipass/-/minipass-3.1.6.tgz",
			"integrity": "sha512-rty5kpw9/z8SX9dmxblFA6edItUmwJgMeYDZRrwlIVN27i8gysGbznJwUggw2V/FVqFSDdWy040ZPS811DYAqQ==",
			"requires": {
				"yallist": "^4.0.0"
			}
		},
		"minipass-collect": {
			"version": "1.0.2",
			"resolved": "https://registry.npmmirror.com/minipass-collect/-/minipass-collect-1.0.2.tgz",
			"integrity": "sha512-6T6lH0H8OG9kITm/Jm6tdooIbogG9e0tLgpY6mphXSm/A9u8Nq1ryBG+Qspiub9LjWlBPsPS3tWQ/Botq4FdxA==",
			"requires": {
				"minipass": "^3.0.0"
			}
		},
		"minipass-fetch": {
			"version": "1.4.1",
			"resolved": "https://registry.npmmirror.com/minipass-fetch/-/minipass-fetch-1.4.1.tgz",
			"integrity": "sha512-CGH1eblLq26Y15+Azk7ey4xh0J/XfJfrCox5LDJiKqI2Q2iwOLOKrlmIaODiSQS8d18jalF6y2K2ePUm0CmShw==",
			"requires": {
				"encoding": "^0.1.12",
				"minipass": "^3.1.0",
				"minipass-sized": "^1.0.3",
				"minizlib": "^2.0.0"
			}
		},
		"minipass-flush": {
			"version": "1.0.5",
			"resolved": "https://registry.npmmirror.com/minipass-flush/-/minipass-flush-1.0.5.tgz",
			"integrity": "sha512-JmQSYYpPUqX5Jyn1mXaRwOda1uQ8HP5KAT/oDSLCzt1BYRhQU0/hDtsB1ufZfEEzMZ9aAVmsBw8+FWsIXlClWw==",
			"requires": {
				"minipass": "^3.0.0"
			}
		},
		"minipass-pipeline": {
			"version": "1.2.4",
			"resolved": "https://registry.npmmirror.com/minipass-pipeline/-/minipass-pipeline-1.2.4.tgz",
			"integrity": "sha512-xuIq7cIOt09RPRJ19gdi4b+RiNvDFYe5JH+ggNvBqGqpQXcru3PcRmOZuHBKWK1Txf9+cQ+HMVN4d6z46LZP7A==",
			"requires": {
				"minipass": "^3.0.0"
			}
		},
		"minipass-sized": {
			"version": "1.0.3",
			"resolved": "https://registry.npmmirror.com/minipass-sized/-/minipass-sized-1.0.3.tgz",
			"integrity": "sha512-MbkQQ2CTiBMlA2Dm/5cY+9SWFEN8pzzOXi6rlM5Xxq0Yqbda5ZQy9sU75a673FE9ZK0Zsbr6Y5iP6u9nktfg2g==",
			"requires": {
				"minipass": "^3.0.0"
			}
		},
		"minizlib": {
			"version": "2.1.2",
			"resolved": "https://registry.npmmirror.com/minizlib/-/minizlib-2.1.2.tgz",
			"integrity": "sha512-bAxsR8BVfj60DWXHE3u30oHzfl4G7khkSuPW+qvpd7jFRHm7dLxOjUk1EHACJ/hxLY8phGJ0YhYHZo7jil7Qdg==",
			"requires": {
				"minipass": "^3.0.0",
				"yallist": "^4.0.0"
			}
		},
		"mkdirp": {
			"version": "1.0.4",
			"resolved": "https://registry.npmmirror.com/mkdirp/-/mkdirp-1.0.4.tgz",
			"integrity": "sha512-vVqVZQyf3WLx2Shd0qJ9xuvqgAyKPLAiqITEtqW0oIUjzo3PePDd6fW9iFz30ef7Ysp/oiWqbhszeGWW2T6Gzw=="
		},
		"ms": {
			"version": "2.1.2",
			"resolved": "https://registry.npmmirror.com/ms/-/ms-2.1.2.tgz",
			"integrity": "sha512-sGkPx+VjMtmA6MX27oA4FBFELFCZZ4S4XqeGOXCv68tT+jb3vk/RyaKWP0PTKyWtmLSM0b+adUTEvbs1PEaH2w=="
		},
		"negotiator": {
			"version": "0.6.3",
			"resolved": "https://registry.npmmirror.com/negotiator/-/negotiator-0.6.3.tgz",
			"integrity": "sha512-+EUsqGPLsM+j/zdChZjsnX51g4XrHFOIXwfnCVPGlQk/k5giakcKsuxCObBRu6DSm9opw/O6slWbJdghQM4bBg=="
		},
		"once": {
			"version": "1.4.0",
			"resolved": "https://registry.npmmirror.com/once/-/once-1.4.0.tgz",
			"integrity": "sha512-lNaJgI+2Q5URQBkccEKHTQOPaXdUxnZZElQTZY0MFUAuaEqe1E+Nyvgdz/aIyNi6Z9MzO5dv1H8n58/GELp3+w==",
			"requires": {
				"wrappy": "1"
			}
		},
		"p-map": {
			"version": "4.0.0",
			"resolved": "https://registry.npmmirror.com/p-map/-/p-map-4.0.0.tgz",
			"integrity": "sha512-/bjOqmgETBYB5BoEeGVea8dmvHb2m9GLy1E9W43yeyfP6QQCZGFNa+XRceJEuDB6zqr+gKpIAmlLebMpykw/MQ==",
			"requires": {
				"aggregate-error": "^3.0.0"
			}
		},
		"path-is-absolute": {
			"version": "1.0.1",
			"resolved": "https://registry.npmmirror.com/path-is-absolute/-/path-is-absolute-1.0.1.tgz",
			"integrity": "sha512-AVbw3UJ2e9bq64vSaS9Am0fje1Pa8pbGqTTsmXfaIiMpnr5DlDhfJOuLj9Sf95ZPVDAUerDfEk88MPmPe7UCQg=="
		},
		"promise-inflight": {
			"version": "1.0.1",
			"resolved": "https://registry.npmmirror.com/promise-inflight/-/promise-inflight-1.0.1.tgz",
			"integrity": "sha512-6zWPyEOFaQBJYcGMHBKTKJ3u6TBsnMFOIZSa6ce1e/ZrrsOlnHRHbabMjLiBYKp+n44X9eUI6VUPaukCXHuG4g=="
		},
		"promise-retry": {
			"version": "2.0.1",
			"resolved": "https://registry.npmmirror.com/promise-retry/-/promise-retry-2.0.1.tgz",
			"integrity": "sha512-y+WKFlBR8BGXnsNlIHFGPZmyDf3DFMoLhaflAnyZgV6rG6xu+JwesTo2Q9R6XwYmtmwAFCkAk3e35jEdoeh/3g==",
			"requires": {
				"err-code": "^2.0.2",
				"retry": "^0.12.0"
			}
		},
		"retry": {
			"version": "0.12.0",
			"resolved": "https://registry.npmmirror.com/retry/-/retry-0.12.0.tgz",
			"integrity": "sha512-9LkiTwjUh6rT555DtE9rTX+BKByPfrMzEAtnlEtdEwr3Nkffwiihqe2bWADg+OQRjt9gl6ICdmB/ZFDCGAtSow=="
		},
		"rimraf": {
			"version": "3.0.2",
			"resolved": "https://registry.npmmirror.com/rimraf/-/rimraf-3.0.2.tgz",
			"integrity": "sha512-JZkJMZkAGFFPP2YqXZXPbMlMBgsxzE8ILs4lMIX/2o0L9UBw9O/Y3o6wFw/i9YLapcUJWwqbi3kdxIPdC62TIA==",
			"requires": {
				"glob": "^7.1.3"
			}
		},
		"safer-buffer": {
			"version": "2.1.2",
			"resolved": "https://registry.npmmirror.com/safer-buffer/-/safer-buffer-2.1.2.tgz",
			"integrity": "sha512-YZo3K82SD7Riyi0E1EQPojLz7kpepnSQI9IyPbHHg1XXXevb5dJI7tpyN2ADxGcQbHG7vcyRHk0cbwqcQriUtg==",
			"optional": true
		},
		"semver": {
			"version": "7.3.5",
			"resolved": "https://registry.npmmirror.com/semver/-/semver-7.3.5.tgz",
			"integrity": "sha512-PoeGJYh8HK4BTO/a9Tf6ZG3veo/A7ZVsYrSA6J8ny9nb3B1VrpkuN+z9OE5wfE5p6H4LchYZsegiQgbJD94ZFQ==",
			"requires": {
				"lru-cache": "^6.0.0"
			},
			"dependencies": {
				"lru-cache": {
					"version": "6.0.0",
					"resolved": "https://registry.npmmirror.com/lru-cache/-/lru-cache-6.0.0.tgz",
					"integrity": "sha512-Jo6dJ04CmSjuznwJSS3pUeWmd/H0ffTlkXXgwZi+eq1UCmqQwCh+eLsYOYCwY991i2Fah4h1BEMCx4qThGbsiA==",
					"requires": {
						"yallist": "^4.0.0"
					}
				}
			}
		},
		"smart-buffer": {
			"version": "4.2.0",
			"resolved": "https://registry.npmmirror.com/smart-buffer/-/smart-buffer-4.2.0.tgz",
			"integrity": "sha512-94hK0Hh8rPqQl2xXc3HsaBoOXKV20MToPkcXvwbISWLEs+64sBq5kFgn2kJDHb1Pry9yrP0dxrCI9RRci7RXKg=="
		},
		"socks": {
			"version": "2.6.2",
			"resolved": "https://registry.npmmirror.com/socks/-/socks-2.6.2.tgz",
			"integrity": "sha512-zDZhHhZRY9PxRruRMR7kMhnf3I8hDs4S3f9RecfnGxvcBHQcKcIH/oUcEWffsfl1XxdYlA7nnlGbbTvPz9D8gA==",
			"requires": {
				"ip": "^1.1.5",
				"smart-buffer": "^4.2.0"
			}
		},
		"socks-proxy-agent": {
			"version": "6.1.1",
			"resolved": "https://registry.npmmirror.com/socks-proxy-agent/-/socks-proxy-agent-6.1.1.tgz",
			"integrity": "sha512-t8J0kG3csjA4g6FTbsMOWws+7R7vuRC8aQ/wy3/1OWmsgwA68zs/+cExQ0koSitUDXqhufF/YJr9wtNMZHw5Ew==",
			"requires": {
				"agent-base": "^6.0.2",
				"debug": "^4.3.1",
				"socks": "^2.6.1"
			}
		},
		"ssri": {
			"version": "8.0.1",
			"resolved": "https://registry.npmmirror.com/ssri/-/ssri-8.0.1.tgz",
			"integrity": "sha512-97qShzy1AiyxvPNIkLWoGua7xoQzzPjQ0HAH4B0rWKo7SZ6USuPcrUiAFrws0UH8RrbWmgq3LMTObhPIHbbBeQ==",
			"requires": {
				"minipass": "^3.1.1"
			}
		},
		"tar": {
			"version": "6.1.11",
			"resolved": "https://registry.npmmirror.com/tar/-/tar-6.1.11.tgz",
			"integrity": "sha512-an/KZQzQUkZCkuoAA64hM92X0Urb6VpRhAFllDzz44U2mcD5scmT3zBc4VgVpkugF580+DQn8eAFSyoQt0tznA==",
			"requires": {
				"chownr": "^2.0.0",
				"fs-minipass": "^2.0.0",
				"minipass": "^3.0.0",
				"minizlib": "^2.1.1",
				"mkdirp": "^1.0.3",
				"yallist": "^4.0.0"
			}
		},
		"unique-filename": {
			"version": "1.1.1",
			"resolved": "https://registry.npmmirror.com/unique-filename/-/unique-filename-1.1.1.tgz",
			"integrity": "sha512-Vmp0jIp2ln35UTXuryvjzkjGdRyf9b2lTXuSYUiPmzRcl3FDtYqAwOnTJkAngD9SWhnoJzDbTKwaOrZ+STtxNQ==",
			"requires": {
				"unique-slug": "^2.0.0"
			}
		},
		"unique-slug": {
			"version": "2.0.2",
			"resolved": "https://registry.npmmirror.com/unique-slug/-/unique-slug-2.0.2.tgz",
			"integrity": "sha512-zoWr9ObaxALD3DOPfjPSqxt4fnZiWblxHIgeWqW8x7UqDzEtHEQLzji2cuJYQFCU6KmoJikOYAZlrTHHebjx2w==",
			"requires": {
				"imurmurhash": "^0.1.4"
			}
		},
		"wrappy": {
			"version": "1.0.2",
			"resolved": "https://registry.npmmirror.com/wrappy/-/wrappy-1.0.2.tgz",
			"integrity": "sha512-l4Sp/DRseor9wL6EvV2+TuQn63dMkPjZ/sp9XkghTEbV9KlPS1xUsZ3u7/IQO4wxtcFB4bgpQPRcR3QCvezPcQ=="
		},
		"yallist": {
			"version": "4.0.0",
			"resolved": "https://registry.npmmirror.com/yallist/-/yallist-4.0.0.tgz",
			"integrity": "sha512-3wdGidZyq5PB084XLES5TpOSRA3wjXAlIWMhum2kRcv/41Sn2emQ0dycQW4uZXLejwKvg6EsvbdlVL+FYEct7A=="
		}
	}
}
