{
	"name": "@webest/web-page-monitor-socketio",
	"version": "0.0.0",
	"lockfileVersion": 2,
	"requires": true,
	"packages": {
		"": {
			"name": "@webest/web-page-monitor-socketio",
			"version": "0.0.0",
			"license": "See monorepo's LICENSE.md",
			"dependencies": {
				"socket.io": "~4.4.1"
			}
		},
		"node_modules/@types/component-emitter": {
			"version": "1.2.11",
			"resolved": "https://registry.npmmirror.com/@types/component-emitter/download/@types/component-emitter-1.2.11.tgz",
			"integrity": "sha1-UNR9QrNHJTgXo5cJ/vA85moQhQY=",
			"license": "MIT"
		},
		"node_modules/@types/cookie": {
			"version": "0.4.1",
			"resolved": "https://registry.npmmirror.com/@types/cookie/download/@types/cookie-0.4.1.tgz",
			"integrity": "sha1-v9AsHyIkVnZ2wVRRmfh8OoYdh40="
		},
		"node_modules/@types/cors": {
			"version": "2.8.12",
			"resolved": "https://registry.npmmirror.com/@types/cors/download/@types/cors-2.8.12.tgz",
			"integrity": "sha1-ayxRCnrXA56Y57jT1lmPQ1nlwIA="
		},
		"node_modules/@types/node": {
			"version": "17.0.8",
			"resolved": "https://registry.npmmirror.com/@types/node/download/@types/node-17.0.8.tgz",
			"integrity": "sha512-YofkM6fGv4gDJq78g4j0mMuGMkZVxZDgtU0JRdx6FgiJDG+0fY0GKVolOV8WqVmEhLCXkQRjwDdKyPxJp/uucg=="
		},
		"node_modules/accepts": {
			"version": "1.3.7",
			"resolved": "https://registry.npmmirror.com/accepts/download/accepts-1.3.7.tgz",
			"integrity": "sha1-UxvHJlF6OytB+FACHGzBXqq1B80=",
			"dependencies": {
				"mime-types": "~2.1.24",
				"negotiator": "0.6.2"
			},
			"engines": {
				"node": ">= 0.6"
			}
		},
		"node_modules/base64-arraybuffer": {
			"version": "1.0.1",
			"resolved": "https://registry.npmmirror.com/base64-arraybuffer/download/base64-arraybuffer-1.0.1.tgz",
			"integrity": "sha1-h70TUlYm20qYOOAKUIwrc+/PNIw=",
			"engines": {
				"node": ">= 0.6.0"
			}
		},
		"node_modules/base64id": {
			"version": "2.0.0",
			"resolved": "https://registry.npmmirror.com/base64id/download/base64id-2.0.0.tgz",
			"integrity": "sha1-J3Csa8R9MSr5eov5pjQ0LgzSXLY=",
			"engines": {
				"node": "^4.5.0 || >= 5.9"
			}
		},
		"node_modules/component-emitter": {
			"version": "1.3.0",
			"resolved": "https://registry.npmmirror.com/component-emitter/download/component-emitter-1.3.0.tgz",
			"integrity": "sha1-FuQHD7qK4ptnnyIVhT7hgasuq8A="
		},
		"node_modules/cookie": {
			"version": "0.4.1",
			"resolved": "https://registry.npmmirror.com/cookie/download/cookie-0.4.1.tgz",
			"integrity": "sha512-ZwrFkGJxUR3EIoXtO+yVE69Eb7KlixbaeAWfBQB9vVsNn/o+Yw69gBWSSDK825hQNdN+wF8zELf3dFNl/kxkUA==",
			"engines": {
				"node": ">= 0.6"
			}
		},
		"node_modules/cors": {
			"version": "2.8.5",
			"resolved": "https://registry.npmmirror.com/cors/download/cors-2.8.5.tgz",
			"integrity": "sha512-KIHbLJqu73RGr/hnbrO9uBeixNGuvSQjul/jdFvS/KFSIH1hWVd1ng7zOHx+YrEfInLG7q4n6GHQ9cDtxv/P6g==",
			"dependencies": {
				"object-assign": "^4",
				"vary": "^1"
			},
			"engines": {
				"node": ">= 0.10"
			}
		},
		"node_modules/debug": {
			"version": "4.3.3",
			"resolved": "https://registry.npmmirror.com/debug/download/debug-4.3.3.tgz",
			"integrity": "sha512-/zxw5+vh1Tfv+4Qn7a5nsbcJKPaSvCDhojn6FEl9vupwK2VCSDtEiEtqr8DFtzYFOdz63LBkxec7DYuc2jon6Q==",
			"dependencies": {
				"ms": "2.1.2"
			},
			"engines": {
				"node": ">=6.0"
			},
			"peerDependenciesMeta": {
				"supports-color": {
					"optional": true
				}
			}
		},
		"node_modules/engine.io": {
			"version": "6.1.1",
			"resolved": "https://registry.npmmirror.com/engine.io/download/engine.io-6.1.1.tgz",
			"integrity": "sha512-AyMc20q8JUUdvKd46+thc9o7yCZ6iC6MoBCChG5Z1XmFMpp+2+y/oKvwpZTUJB0KCjxScw1dV9c2h5pjiYBLuQ==",
			"dependencies": {
				"@types/cookie": "^0.4.1",
				"@types/cors": "^2.8.12",
				"@types/node": ">=10.0.0",
				"accepts": "~1.3.4",
				"base64id": "2.0.0",
				"cookie": "~0.4.1",
				"cors": "~2.8.5",
				"debug": "~4.3.1",
				"engine.io-parser": "~5.0.0",
				"ws": "~8.2.3"
			},
			"engines": {
				"node": ">=10.0.0"
			}
		},
		"node_modules/engine.io-parser": {
			"version": "5.0.2",
			"resolved": "https://registry.npmmirror.com/engine.io-parser/download/engine.io-parser-5.0.2.tgz?cache=0&sync_timestamp=1636871438643&other_urls=https%3A%2F%2Fregistry.npmmirror.com%2Fengine.io-parser%2Fdownload%2Fengine.io-parser-5.0.2.tgz",
			"integrity": "sha512-wuiO7qO/OEkPJSFueuATIXtrxF7/6GTbAO9QLv7nnbjwZ5tYhLm9zxvLwxstRs0dcT0KUlWTjtIOs1T86jt12g==",
			"dependencies": {
				"base64-arraybuffer": "~1.0.1"
			},
			"engines": {
				"node": ">=10.0.0"
			}
		},
		"node_modules/mime-db": {
			"version": "1.51.0",
			"resolved": "https://registry.npmmirror.com/mime-db/download/mime-db-1.51.0.tgz?cache=0&sync_timestamp=1636425999210&other_urls=https%3A%2F%2Fregistry.npmmirror.com%2Fmime-db%2Fdownload%2Fmime-db-1.51.0.tgz",
			"integrity": "sha512-5y8A56jg7XVQx2mbv1lu49NR4dokRnhZYTtL+KGfaa27uq4pSTXkwQkFJl4pkRMyNFz/EtYDSkiiEHx3F7UN6g==",
			"engines": {
				"node": ">= 0.6"
			}
		},
		"node_modules/mime-types": {
			"version": "2.1.34",
			"resolved": "https://registry.npmmirror.com/mime-types/download/mime-types-2.1.34.tgz?cache=0&sync_timestamp=1636432299957&other_urls=https%3A%2F%2Fregistry.npmmirror.com%2Fmime-types%2Fdownload%2Fmime-types-2.1.34.tgz",
			"integrity": "sha512-6cP692WwGIs9XXdOO4++N+7qjqv0rqxxVvJ3VHPh/Sc9mVZcQP+ZGhkKiTvWMQRr2tbHkJP/Yn7Y0npb3ZBs4A==",
			"dependencies": {
				"mime-db": "1.51.0"
			},
			"engines": {
				"node": ">= 0.6"
			}
		},
		"node_modules/ms": {
			"version": "2.1.2",
			"resolved": "https://registry.npmmirror.com/ms/download/ms-2.1.2.tgz",
			"integrity": "sha1-0J0fNXtEP0kzgqjrPM0YOHKuYAk="
		},
		"node_modules/negotiator": {
			"version": "0.6.2",
			"resolved": "https://registry.npmmirror.com/negotiator/download/negotiator-0.6.2.tgz",
			"integrity": "sha1-/qz3zPUlp3rpY0Q2pkiD/+yjRvs=",
			"engines": {
				"node": ">= 0.6"
			}
		},
		"node_modules/object-assign": {
			"version": "4.1.1",
			"resolved": "https://registry.npmmirror.com/object-assign/download/object-assign-4.1.1.tgz",
			"integrity": "sha1-IQmtx5ZYh8/AXLvUQsrIv7s2CGM=",
			"engines": {
				"node": ">=0.10.0"
			}
		},
		"node_modules/socket.io": {
			"version": "4.4.1",
			"resolved": "https://registry.npmmirror.com/socket.io/download/socket.io-4.4.1.tgz",
			"integrity": "sha512-s04vrBswdQBUmuWJuuNTmXUVJhP0cVky8bBDhdkf8y0Ptsu7fKU2LuLbts9g+pdmAdyMMn8F/9Mf1/wbtUN0fg==",
			"dependencies": {
				"accepts": "~1.3.4",
				"base64id": "~2.0.0",
				"debug": "~4.3.2",
				"engine.io": "~6.1.0",
				"socket.io-adapter": "~2.3.3",
				"socket.io-parser": "~4.0.4"
			},
			"engines": {
				"node": ">=10.0.0"
			}
		},
		"node_modules/socket.io-adapter": {
			"version": "2.3.3",
			"resolved": "https://registry.npmmirror.com/socket.io-adapter/download/socket.io-adapter-2.3.3.tgz",
			"integrity": "sha512-Qd/iwn3VskrpNO60BeRyCyr8ZWw9CPZyitW4AQwmRZ8zCiyDiL+znRnWX6tDHXnWn1sJrM1+b6Mn6wEDJJ4aYQ=="
		},
		"node_modules/socket.io-parser": {
			"version": "4.0.4",
			"resolved": "https://registry.npmmirror.com/socket.io-parser/download/socket.io-parser-4.0.4.tgz?cache=0&sync_timestamp=1634213164972&other_urls=https%3A%2F%2Fregistry.npmmirror.com%2Fsocket.io-parser%2Fdownload%2Fsocket.io-parser-4.0.4.tgz",
			"integrity": "sha1-nqIbDWFQjRgZbvBKLGuatjD0wrA=",
			"dependencies": {
				"@types/component-emitter": "^1.2.10",
				"component-emitter": "~1.3.0",
				"debug": "~4.3.1"
			},
			"engines": {
				"node": ">=10.0.0"
			}
		},
		"node_modules/vary": {
			"version": "1.1.2",
			"resolved": "https://registry.npmmirror.com/vary/download/vary-1.1.2.tgz",
			"integrity": "sha1-IpnwLG3tMNSllhsLn3RSShj2NPw=",
			"engines": {
				"node": ">= 0.8"
			}
		},
		"node_modules/ws": {
			"version": "8.2.3",
			"resolved": "https://registry.npmmirror.com/ws/download/ws-8.2.3.tgz",
			"integrity": "sha512-wBuoj1BDpC6ZQ1B7DWQBYVLphPWkm8i9Y0/3YdHjHKHiohOJ1ws+3OccDWtH+PoC9DZD5WOTrJvNbWvjS6JWaA==",
			"engines": {
				"node": ">=10.0.0"
			},
			"peerDependencies": {
				"bufferutil": "^4.0.1",
				"utf-8-validate": "^5.0.2"
			},
			"peerDependenciesMeta": {
				"bufferutil": {
					"optional": true
				},
				"utf-8-validate": {
					"optional": true
				}
			}
		}
	},
	"dependencies": {
		"@types/component-emitter": {
			"version": "1.2.11",
			"resolved": "https://registry.npmmirror.com/@types/component-emitter/download/@types/component-emitter-1.2.11.tgz",
			"integrity": "sha1-UNR9QrNHJTgXo5cJ/vA85moQhQY="
		},
		"@types/cookie": {
			"version": "0.4.1",
			"resolved": "https://registry.npmmirror.com/@types/cookie/download/@types/cookie-0.4.1.tgz",
			"integrity": "sha1-v9AsHyIkVnZ2wVRRmfh8OoYdh40="
		},
		"@types/cors": {
			"version": "2.8.12",
			"resolved": "https://registry.npmmirror.com/@types/cors/download/@types/cors-2.8.12.tgz",
			"integrity": "sha1-ayxRCnrXA56Y57jT1lmPQ1nlwIA="
		},
		"@types/node": {
			"version": "17.0.8",
			"resolved": "https://registry.npmmirror.com/@types/node/download/@types/node-17.0.8.tgz",
			"integrity": "sha512-YofkM6fGv4gDJq78g4j0mMuGMkZVxZDgtU0JRdx6FgiJDG+0fY0GKVolOV8WqVmEhLCXkQRjwDdKyPxJp/uucg=="
		},
		"accepts": {
			"version": "1.3.7",
			"resolved": "https://registry.npmmirror.com/accepts/download/accepts-1.3.7.tgz",
			"integrity": "sha1-UxvHJlF6OytB+FACHGzBXqq1B80=",
			"requires": {
				"mime-types": "~2.1.24",
				"negotiator": "0.6.2"
			}
		},
		"base64-arraybuffer": {
			"version": "1.0.1",
			"resolved": "https://registry.npmmirror.com/base64-arraybuffer/download/base64-arraybuffer-1.0.1.tgz",
			"integrity": "sha1-h70TUlYm20qYOOAKUIwrc+/PNIw="
		},
		"base64id": {
			"version": "2.0.0",
			"resolved": "https://registry.npmmirror.com/base64id/download/base64id-2.0.0.tgz",
			"integrity": "sha1-J3Csa8R9MSr5eov5pjQ0LgzSXLY="
		},
		"component-emitter": {
			"version": "1.3.0",
			"resolved": "https://registry.npmmirror.com/component-emitter/download/component-emitter-1.3.0.tgz",
			"integrity": "sha1-FuQHD7qK4ptnnyIVhT7hgasuq8A="
		},
		"cookie": {
			"version": "0.4.1",
			"resolved": "https://registry.npmmirror.com/cookie/download/cookie-0.4.1.tgz",
			"integrity": "sha512-ZwrFkGJxUR3EIoXtO+yVE69Eb7KlixbaeAWfBQB9vVsNn/o+Yw69gBWSSDK825hQNdN+wF8zELf3dFNl/kxkUA=="
		},
		"cors": {
			"version": "2.8.5",
			"resolved": "https://registry.npmmirror.com/cors/download/cors-2.8.5.tgz",
			"integrity": "sha512-KIHbLJqu73RGr/hnbrO9uBeixNGuvSQjul/jdFvS/KFSIH1hWVd1ng7zOHx+YrEfInLG7q4n6GHQ9cDtxv/P6g==",
			"requires": {
				"object-assign": "^4",
				"vary": "^1"
			}
		},
		"debug": {
			"version": "4.3.3",
			"resolved": "https://registry.npmmirror.com/debug/download/debug-4.3.3.tgz",
			"integrity": "sha512-/zxw5+vh1Tfv+4Qn7a5nsbcJKPaSvCDhojn6FEl9vupwK2VCSDtEiEtqr8DFtzYFOdz63LBkxec7DYuc2jon6Q==",
			"requires": {
				"ms": "2.1.2"
			}
		},
		"engine.io": {
			"version": "6.1.1",
			"resolved": "https://registry.npmmirror.com/engine.io/download/engine.io-6.1.1.tgz",
			"integrity": "sha512-AyMc20q8JUUdvKd46+thc9o7yCZ6iC6MoBCChG5Z1XmFMpp+2+y/oKvwpZTUJB0KCjxScw1dV9c2h5pjiYBLuQ==",
			"requires": {
				"@types/cookie": "^0.4.1",
				"@types/cors": "^2.8.12",
				"@types/node": ">=10.0.0",
				"accepts": "~1.3.4",
				"base64id": "2.0.0",
				"cookie": "~0.4.1",
				"cors": "~2.8.5",
				"debug": "~4.3.1",
				"engine.io-parser": "~5.0.0",
				"ws": "~8.2.3"
			}
		},
		"engine.io-parser": {
			"version": "5.0.2",
			"resolved": "https://registry.npmmirror.com/engine.io-parser/download/engine.io-parser-5.0.2.tgz?cache=0&sync_timestamp=1636871438643&other_urls=https%3A%2F%2Fregistry.npmmirror.com%2Fengine.io-parser%2Fdownload%2Fengine.io-parser-5.0.2.tgz",
			"integrity": "sha512-wuiO7qO/OEkPJSFueuATIXtrxF7/6GTbAO9QLv7nnbjwZ5tYhLm9zxvLwxstRs0dcT0KUlWTjtIOs1T86jt12g==",
			"requires": {
				"base64-arraybuffer": "~1.0.1"
			}
		},
		"mime-db": {
			"version": "1.51.0",
			"resolved": "https://registry.npmmirror.com/mime-db/download/mime-db-1.51.0.tgz?cache=0&sync_timestamp=1636425999210&other_urls=https%3A%2F%2Fregistry.npmmirror.com%2Fmime-db%2Fdownload%2Fmime-db-1.51.0.tgz",
			"integrity": "sha512-5y8A56jg7XVQx2mbv1lu49NR4dokRnhZYTtL+KGfaa27uq4pSTXkwQkFJl4pkRMyNFz/EtYDSkiiEHx3F7UN6g=="
		},
		"mime-types": {
			"version": "2.1.34",
			"resolved": "https://registry.npmmirror.com/mime-types/download/mime-types-2.1.34.tgz?cache=0&sync_timestamp=1636432299957&other_urls=https%3A%2F%2Fregistry.npmmirror.com%2Fmime-types%2Fdownload%2Fmime-types-2.1.34.tgz",
			"integrity": "sha512-6cP692WwGIs9XXdOO4++N+7qjqv0rqxxVvJ3VHPh/Sc9mVZcQP+ZGhkKiTvWMQRr2tbHkJP/Yn7Y0npb3ZBs4A==",
			"requires": {
				"mime-db": "1.51.0"
			}
		},
		"ms": {
			"version": "2.1.2",
			"resolved": "https://registry.npmmirror.com/ms/download/ms-2.1.2.tgz",
			"integrity": "sha1-0J0fNXtEP0kzgqjrPM0YOHKuYAk="
		},
		"negotiator": {
			"version": "0.6.2",
			"resolved": "https://registry.npmmirror.com/negotiator/download/negotiator-0.6.2.tgz",
			"integrity": "sha1-/qz3zPUlp3rpY0Q2pkiD/+yjRvs="
		},
		"object-assign": {
			"version": "4.1.1",
			"resolved": "https://registry.npmmirror.com/object-assign/download/object-assign-4.1.1.tgz",
			"integrity": "sha1-IQmtx5ZYh8/AXLvUQsrIv7s2CGM="
		},
		"socket.io": {
			"version": "4.4.1",
			"resolved": "https://registry.npmmirror.com/socket.io/download/socket.io-4.4.1.tgz",
			"integrity": "sha512-s04vrBswdQBUmuWJuuNTmXUVJhP0cVky8bBDhdkf8y0Ptsu7fKU2LuLbts9g+pdmAdyMMn8F/9Mf1/wbtUN0fg==",
			"requires": {
				"accepts": "~1.3.4",
				"base64id": "~2.0.0",
				"debug": "~4.3.2",
				"engine.io": "~6.1.0",
				"socket.io-adapter": "~2.3.3",
				"socket.io-parser": "~4.0.4"
			}
		},
		"socket.io-adapter": {
			"version": "2.3.3",
			"resolved": "https://registry.npmmirror.com/socket.io-adapter/download/socket.io-adapter-2.3.3.tgz",
			"integrity": "sha512-Qd/iwn3VskrpNO60BeRyCyr8ZWw9CPZyitW4AQwmRZ8zCiyDiL+znRnWX6tDHXnWn1sJrM1+b6Mn6wEDJJ4aYQ=="
		},
		"socket.io-parser": {
			"version": "4.0.4",
			"resolved": "https://registry.npmmirror.com/socket.io-parser/download/socket.io-parser-4.0.4.tgz?cache=0&sync_timestamp=1634213164972&other_urls=https%3A%2F%2Fregistry.npmmirror.com%2Fsocket.io-parser%2Fdownload%2Fsocket.io-parser-4.0.4.tgz",
			"integrity": "sha1-nqIbDWFQjRgZbvBKLGuatjD0wrA=",
			"requires": {
				"@types/component-emitter": "^1.2.10",
				"component-emitter": "~1.3.0",
				"debug": "~4.3.1"
			}
		},
		"vary": {
			"version": "1.1.2",
			"resolved": "https://registry.npmmirror.com/vary/download/vary-1.1.2.tgz",
			"integrity": "sha1-IpnwLG3tMNSllhsLn3RSShj2NPw="
		},
		"ws": {
			"version": "8.2.3",
			"resolved": "https://registry.npmmirror.com/ws/download/ws-8.2.3.tgz",
			"integrity": "sha512-wBuoj1BDpC6ZQ1B7DWQBYVLphPWkm8i9Y0/3YdHjHKHiohOJ1ws+3OccDWtH+PoC9DZD5WOTrJvNbWvjS6JWaA==",
			"requires": {}
		}
	}
}
