{
	"name": "@webest/web-page-monitor-pptr",
	"version": "0.0.0",
	"lockfileVersion": 2,
	"requires": true,
	"packages": {
		"": {
			"name": "@webest/web-page-monitor-pptr",
			"version": "0.0.0",
			"license": "GPL-3.0",
			"dependencies": {
				"puppeteer": "~13.0.1"
			}
		},
		"node_modules/@types/node": {
			"version": "17.0.8",
			"resolved": "https://registry.npmmirror.com/@types/node/download/@types/node-17.0.8.tgz",
			"integrity": "sha512-YofkM6fGv4gDJq78g4j0mMuGMkZVxZDgtU0JRdx6FgiJDG+0fY0GKVolOV8WqVmEhLCXkQRjwDdKyPxJp/uucg==",
			"optional": true
		},
		"node_modules/@types/yauzl": {
			"version": "2.9.2",
			"resolved": "https://registry.npmmirror.com/@types/yauzl/download/@types/yauzl-2.9.2.tgz?cache=0&sync_timestamp=1637271707608&other_urls=https%3A%2F%2Fregistry.npmmirror.com%2F%40types%2Fyauzl%2Fdownload%2F%40types%2Fyauzl-2.9.2.tgz",
			"integrity": "sha1-xI5dVq/xREQJ45+hZLC01FUqe3o=",
			"optional": true,
			"dependencies": {
				"@types/node": "*"
			}
		},
		"node_modules/agent-base": {
			"version": "6.0.2",
			"resolved": "https://registry.npmmirror.com/agent-base/download/agent-base-6.0.2.tgz",
			"integrity": "sha1-Sf/1hXfP7j83F2/qtMIuAPhtf3c=",
			"dependencies": {
				"debug": "4"
			},
			"engines": {
				"node": ">= 6.0.0"
			}
		},
		"node_modules/balanced-match": {
			"version": "1.0.2",
			"resolved": "https://registry.npmmirror.com/balanced-match/download/balanced-match-1.0.2.tgz",
			"integrity": "sha1-6D46fj8wCzTLnYf2FfoMvzV2kO4="
		},
		"node_modules/base64-js": {
			"version": "1.5.1",
			"resolved": "https://registry.npmmirror.com/base64-js/download/base64-js-1.5.1.tgz",
			"integrity": "sha1-GxtEAWClv3rUC2UPCVljSBkDkwo="
		},
		"node_modules/bl": {
			"version": "4.1.0",
			"resolved": "https://registry.npmmirror.com/bl/download/bl-4.1.0.tgz",
			"integrity": "sha1-RRU1JkGCvsL7vIOmKrmM8R2fezo=",
			"dependencies": {
				"buffer": "^5.5.0",
				"inherits": "^2.0.4",
				"readable-stream": "^3.4.0"
			}
		},
		"node_modules/brace-expansion": {
			"version": "1.1.11",
			"resolved": "https://registry.npmmirror.com/brace-expansion/download/brace-expansion-1.1.11.tgz",
			"integrity": "sha1-PH/L9SnYcibz0vUrlm/1Jx60Qd0=",
			"dependencies": {
				"balanced-match": "^1.0.0",
				"concat-map": "0.0.1"
			}
		},
		"node_modules/buffer": {
			"version": "5.7.1",
			"resolved": "https://registry.npmmirror.com/buffer/download/buffer-5.7.1.tgz",
			"integrity": "sha512-EHcyIPBQ4BSGlvjB16k5KgAJ27CIsHY/2JBmCRReo48y9rQ3MaUzWX3KVlBa4U7MyX02HdVj0K7C3WaB3ju7FQ==",
			"funding": [
				{
					"type": "github",
					"url": "https://github.com/sponsors/feross"
				},
				{
					"type": "patreon",
					"url": "https://www.patreon.com/feross"
				},
				{
					"type": "consulting",
					"url": "https://feross.org/support"
				}
			],
			"dependencies": {
				"base64-js": "^1.3.1",
				"ieee754": "^1.1.13"
			}
		},
		"node_modules/buffer-crc32": {
			"version": "0.2.13",
			"resolved": "https://registry.npmmirror.com/buffer-crc32/download/buffer-crc32-0.2.13.tgz",
			"integrity": "sha1-DTM+PwDqxQqhRUq9MO+MKl2ackI=",
			"engines": {
				"node": "*"
			}
		},
		"node_modules/chownr": {
			"version": "1.1.4",
			"resolved": "https://registry.npmmirror.com/chownr/download/chownr-1.1.4.tgz?cache=0&sync_timestamp=1632469585630&other_urls=https%3A%2F%2Fregistry.npmmirror.com%2Fchownr%2Fdownload%2Fchownr-1.1.4.tgz",
			"integrity": "sha1-b8nXtC0ypYNZYzdmbn0ICE2izGs="
		},
		"node_modules/concat-map": {
			"version": "0.0.1",
			"resolved": "https://registry.npmmirror.com/concat-map/download/concat-map-0.0.1.tgz",
			"integrity": "sha1-2Klr13/Wjfd5OnMDajug1UBdR3s="
		},
		"node_modules/debug": {
			"version": "4.3.2",
			"resolved": "https://registry.npmmirror.com/debug/download/debug-4.3.2.tgz",
			"integrity": "sha512-mOp8wKcvj7XxC78zLgw/ZA+6TSgkoE2C/ienthhRD298T7UNwAg9diBpLRxC0mOezLl4B0xV7M0cCO6P/O0Xhw==",
			"dependencies": {
				"ms": "2.1.2"
			},
			"engines": {
				"node": ">=6.0"
			},
			"peerDependenciesMeta": {
				"supports-color": {
					"optional": true
				}
			}
		},
		"node_modules/devtools-protocol": {
			"version": "0.0.937139",
			"resolved": "https://registry.npmmirror.com/devtools-protocol/download/devtools-protocol-0.0.937139.tgz",
			"integrity": "sha1-ve43Uf39uBy3Af06+pSxBl2vr88=",
			"license": "BSD-3-Clause"
		},
		"node_modules/end-of-stream": {
			"version": "1.4.4",
			"resolved": "https://registry.npmmirror.com/end-of-stream/download/end-of-stream-1.4.4.tgz?cache=0&sync_timestamp=1632469585035&other_urls=https%3A%2F%2Fregistry.npmmirror.com%2Fend-of-stream%2Fdownload%2Fend-of-stream-1.4.4.tgz",
			"integrity": "sha1-WuZKX0UFe682JuwU2gyl5LJDHrA=",
			"dependencies": {
				"once": "^1.4.0"
			}
		},
		"node_modules/extract-zip": {
			"version": "2.0.1",
			"resolved": "https://registry.npmmirror.com/extract-zip/download/extract-zip-2.0.1.tgz",
			"integrity": "sha1-Zj3KVv5G34kNXxMe9KBtIruLoTo=",
			"dependencies": {
				"debug": "^4.1.1",
				"get-stream": "^5.1.0",
				"yauzl": "^2.10.0"
			},
			"bin": {
				"extract-zip": "cli.js"
			},
			"engines": {
				"node": ">= 10.17.0"
			},
			"optionalDependencies": {
				"@types/yauzl": "^2.9.1"
			}
		},
		"node_modules/fd-slicer": {
			"version": "1.1.0",
			"resolved": "https://registry.npmmirror.com/fd-slicer/download/fd-slicer-1.1.0.tgz",
			"integrity": "sha1-JcfInLH5B3+IkbvmHY85Dq4lbx4=",
			"dependencies": {
				"pend": "~1.2.0"
			}
		},
		"node_modules/find-up": {
			"version": "4.1.0",
			"resolved": "https://registry.npmmirror.com/find-up/download/find-up-4.1.0.tgz?cache=0&sync_timestamp=1633618659233&other_urls=https%3A%2F%2Fregistry.npmmirror.com%2Ffind-up%2Fdownload%2Ffind-up-4.1.0.tgz",
			"integrity": "sha1-l6/n1s3AvFkoWEt8jXsW6KmqXRk=",
			"dependencies": {
				"locate-path": "^5.0.0",
				"path-exists": "^4.0.0"
			},
			"engines": {
				"node": ">=8"
			}
		},
		"node_modules/fs-constants": {
			"version": "1.0.0",
			"resolved": "https://registry.npmmirror.com/fs-constants/download/fs-constants-1.0.0.tgz",
			"integrity": "sha1-a+Dem+mYzhavivwkSXue6bfM2a0="
		},
		"node_modules/fs.realpath": {
			"version": "1.0.0",
			"resolved": "https://registry.npmmirror.com/fs.realpath/download/fs.realpath-1.0.0.tgz",
			"integrity": "sha1-FQStJSMVjKpA20onh8sBQRmU6k8="
		},
		"node_modules/get-stream": {
			"version": "5.2.0",
			"resolved": "https://registry.npmmirror.com/get-stream/download/get-stream-5.2.0.tgz",
			"integrity": "sha1-SWaheV7lrOZecGxLe+txJX1uItM=",
			"dependencies": {
				"pump": "^3.0.0"
			},
			"engines": {
				"node": ">=8"
			}
		},
		"node_modules/glob": {
			"version": "7.2.0",
			"resolved": "https://registry.npmmirror.com/glob/download/glob-7.2.0.tgz",
			"integrity": "sha512-lmLf6gtyrPq8tTjSmrO94wBeQbFR3HbLHbuyD69wuyQkImp2hWqMGB47OX65FBkPffO641IP9jWa1z4ivqG26Q==",
			"dependencies": {
				"fs.realpath": "^1.0.0",
				"inflight": "^1.0.4",
				"inherits": "2",
				"minimatch": "^3.0.4",
				"once": "^1.3.0",
				"path-is-absolute": "^1.0.0"
			},
			"engines": {
				"node": "*"
			}
		},
		"node_modules/https-proxy-agent": {
			"version": "5.0.0",
			"resolved": "https://registry.npmmirror.com/https-proxy-agent/download/https-proxy-agent-5.0.0.tgz",
			"integrity": "sha1-4qkFQqu2inYuCghQ9sntrf2FBrI=",
			"dependencies": {
				"agent-base": "6",
				"debug": "4"
			},
			"engines": {
				"node": ">= 6"
			}
		},
		"node_modules/ieee754": {
			"version": "1.2.1",
			"resolved": "https://registry.npmmirror.com/ieee754/download/ieee754-1.2.1.tgz",
			"integrity": "sha1-jrehCmP/8l0VpXsAFYbRd9Gw01I="
		},
		"node_modules/inflight": {
			"version": "1.0.6",
			"resolved": "https://registry.npmmirror.com/inflight/download/inflight-1.0.6.tgz",
			"integrity": "sha1-Sb1jMdfQLQwJvJEKEHW6gWW1bfk=",
			"dependencies": {
				"once": "^1.3.0",
				"wrappy": "1"
			}
		},
		"node_modules/inherits": {
			"version": "2.0.4",
			"resolved": "https://registry.npmmirror.com/inherits/download/inherits-2.0.4.tgz",
			"integrity": "sha1-D6LGT5MpF8NDOg3tVTY6rjdBa3w="
		},
		"node_modules/locate-path": {
			"version": "5.0.0",
			"resolved": "https://registry.npmmirror.com/locate-path/download/locate-path-5.0.0.tgz",
			"integrity": "sha1-Gvujlq/WdqbUJQTQpno6frn2KqA=",
			"dependencies": {
				"p-locate": "^4.1.0"
			},
			"engines": {
				"node": ">=8"
			}
		},
		"node_modules/minimatch": {
			"version": "3.0.4",
			"resolved": "https://registry.npmmirror.com/minimatch/download/minimatch-3.0.4.tgz",
			"integrity": "sha1-UWbihkV/AzBgZL5Ul+jbsMPTIIM=",
			"dependencies": {
				"brace-expansion": "^1.1.7"
			},
			"engines": {
				"node": "*"
			}
		},
		"node_modules/mkdirp-classic": {
			"version": "0.5.3",
			"resolved": "https://registry.npmmirror.com/mkdirp-classic/download/mkdirp-classic-0.5.3.tgz?cache=0&sync_timestamp=1632754279937&other_urls=https%3A%2F%2Fregistry.npmmirror.com%2Fmkdirp-classic%2Fdownload%2Fmkdirp-classic-0.5.3.tgz",
			"integrity": "sha1-+hDJEVzG2IZb4iG6R+6b7XhgERM="
		},
		"node_modules/ms": {
			"version": "2.1.2",
			"resolved": "https://registry.npmmirror.com/ms/download/ms-2.1.2.tgz",
			"integrity": "sha1-0J0fNXtEP0kzgqjrPM0YOHKuYAk="
		},
		"node_modules/node-fetch": {
			"version": "2.6.5",
			"resolved": "https://registry.npmmirror.com/node-fetch/download/node-fetch-2.6.5.tgz",
			"integrity": "sha1-QnNVN9fwgKfl94tsVJtxRr4XQv0=",
			"dependencies": {
				"whatwg-url": "^5.0.0"
			},
			"engines": {
				"node": "4.x || >=6.0.0"
			}
		},
		"node_modules/once": {
			"version": "1.4.0",
			"resolved": "https://registry.npmmirror.com/once/download/once-1.4.0.tgz",
			"integrity": "sha1-WDsap3WWHUsROsF9nFC6753Xa9E=",
			"dependencies": {
				"wrappy": "1"
			}
		},
		"node_modules/p-limit": {
			"version": "2.3.0",
			"resolved": "https://registry.npmmirror.com/p-limit/download/p-limit-2.3.0.tgz",
			"integrity": "sha1-PdM8ZHohT9//2DWTPrCG2g3CHbE=",
			"dependencies": {
				"p-try": "^2.0.0"
			},
			"engines": {
				"node": ">=6"
			}
		},
		"node_modules/p-locate": {
			"version": "4.1.0",
			"resolved": "https://registry.npmmirror.com/p-locate/download/p-locate-4.1.0.tgz",
			"integrity": "sha1-o0KLtwiLOmApL2aRkni3wpetTwc=",
			"dependencies": {
				"p-limit": "^2.2.0"
			},
			"engines": {
				"node": ">=8"
			}
		},
		"node_modules/p-try": {
			"version": "2.2.0",
			"resolved": "https://registry.npmmirror.com/p-try/download/p-try-2.2.0.tgz",
			"integrity": "sha1-yyhoVA4xPWHeWPr741zpAE1VQOY=",
			"engines": {
				"node": ">=6"
			}
		},
		"node_modules/path-exists": {
			"version": "4.0.0",
			"resolved": "https://registry.npmmirror.com/path-exists/download/path-exists-4.0.0.tgz",
			"integrity": "sha1-UTvb4tO5XXdi6METfvoZXGxhtbM=",
			"engines": {
				"node": ">=8"
			}
		},
		"node_modules/path-is-absolute": {
			"version": "1.0.1",
			"resolved": "https://registry.npmmirror.com/path-is-absolute/download/path-is-absolute-1.0.1.tgz",
			"integrity": "sha1-F0uSaHNVNP+8es5r9TpanhtcX18=",
			"engines": {
				"node": ">=0.10.0"
			}
		},
		"node_modules/pend": {
			"version": "1.2.0",
			"resolved": "https://registry.npmmirror.com/pend/download/pend-1.2.0.tgz",
			"integrity": "sha1-elfrVQpng/kRUzH89GY9XI4AelA="
		},
		"node_modules/pkg-dir": {
			"version": "4.2.0",
			"resolved": "https://registry.npmmirror.com/pkg-dir/download/pkg-dir-4.2.0.tgz?cache=0&sync_timestamp=1633498184785&other_urls=https%3A%2F%2Fregistry.npmmirror.com%2Fpkg-dir%2Fdownload%2Fpkg-dir-4.2.0.tgz",
			"integrity": "sha1-8JkTPfft5CLoHR2ESCcO6z5CYfM=",
			"dependencies": {
				"find-up": "^4.0.0"
			},
			"engines": {
				"node": ">=8"
			}
		},
		"node_modules/progress": {
			"version": "2.0.3",
			"resolved": "https://registry.npmmirror.com/progress/download/progress-2.0.3.tgz",
			"integrity": "sha512-7PiHtLll5LdnKIMw100I+8xJXR5gW2QwWYkT6iJva0bXitZKa/XMrSbdmg3r2Xnaidz9Qumd0VPaMrZlF9V9sA==",
			"engines": {
				"node": ">=0.4.0"
			}
		},
		"node_modules/proxy-from-env": {
			"version": "1.1.0",
			"resolved": "https://registry.npmmirror.com/proxy-from-env/download/proxy-from-env-1.1.0.tgz",
			"integrity": "sha1-4QLxbKNVQkhldV0sno6k8k1Yw+I="
		},
		"node_modules/pump": {
			"version": "3.0.0",
			"resolved": "https://registry.npmmirror.com/pump/download/pump-3.0.0.tgz",
			"integrity": "sha1-tKIRaBW94vTh6mAjVOjHVWUQemQ=",
			"dependencies": {
				"end-of-stream": "^1.1.0",
				"once": "^1.3.1"
			}
		},
		"node_modules/puppeteer": {
			"version": "13.0.1",
			"resolved": "https://registry.npmmirror.com/puppeteer/download/puppeteer-13.0.1.tgz",
			"integrity": "sha512-wqGIx59LzYqWhYcJQphMT+ux0sgatEUbjKG0lbjJxNVqVIT3ZC5m4Bvmq2gHE3qhb63EwS+rNkql08bm4BvO0A==",
			"hasInstallScript": true,
			"dependencies": {
				"debug": "4.3.2",
				"devtools-protocol": "0.0.937139",
				"extract-zip": "2.0.1",
				"https-proxy-agent": "5.0.0",
				"node-fetch": "2.6.5",
				"pkg-dir": "4.2.0",
				"progress": "2.0.3",
				"proxy-from-env": "1.1.0",
				"rimraf": "3.0.2",
				"tar-fs": "2.1.1",
				"unbzip2-stream": "1.4.3",
				"ws": "8.2.3"
			},
			"engines": {
				"node": ">=10.18.1"
			}
		},
		"node_modules/readable-stream": {
			"version": "3.6.0",
			"resolved": "https://registry.npmmirror.com/readable-stream/download/readable-stream-3.6.0.tgz?cache=0&sync_timestamp=1632380409088&other_urls=https%3A%2F%2Fregistry.npmmirror.com%2Freadable-stream%2Fdownload%2Freadable-stream-3.6.0.tgz",
			"integrity": "sha1-M3u9o63AcGvT4CRCaihtS0sskZg=",
			"dependencies": {
				"inherits": "^2.0.3",
				"string_decoder": "^1.1.1",
				"util-deprecate": "^1.0.1"
			},
			"engines": {
				"node": ">= 6"
			}
		},
		"node_modules/rimraf": {
			"version": "3.0.2",
			"resolved": "https://registry.npmmirror.com/rimraf/download/rimraf-3.0.2.tgz",
			"integrity": "sha1-8aVAK6YiCtUswSgrrBrjqkn9Bho=",
			"dependencies": {
				"glob": "^7.1.3"
			},
			"bin": {
				"rimraf": "bin.js"
			}
		},
		"node_modules/safe-buffer": {
			"version": "5.2.1",
			"resolved": "https://registry.npmmirror.com/safe-buffer/download/safe-buffer-5.2.1.tgz",
			"integrity": "sha1-Hq+fqb2x/dTsdfWPnNtOa3gn7sY="
		},
		"node_modules/string_decoder": {
			"version": "1.3.0",
			"resolved": "https://registry.npmmirror.com/string_decoder/download/string_decoder-1.3.0.tgz",
			"integrity": "sha1-QvEUWUpGzxqOMLCoT1bHjD7awh4=",
			"dependencies": {
				"safe-buffer": "~5.2.0"
			}
		},
		"node_modules/tar-fs": {
			"version": "2.1.1",
			"resolved": "https://registry.npmmirror.com/tar-fs/download/tar-fs-2.1.1.tgz",
			"integrity": "sha1-SJoVq4Xx8L76uzcLfeT561y+h4Q=",
			"dependencies": {
				"chownr": "^1.1.1",
				"mkdirp-classic": "^0.5.2",
				"pump": "^3.0.0",
				"tar-stream": "^2.1.4"
			}
		},
		"node_modules/tar-stream": {
			"version": "2.2.0",
			"resolved": "https://registry.npmmirror.com/tar-stream/download/tar-stream-2.2.0.tgz",
			"integrity": "sha1-rK2EwoQTawYNw/qmRHSqmuvXcoc=",
			"dependencies": {
				"bl": "^4.0.3",
				"end-of-stream": "^1.4.1",
				"fs-constants": "^1.0.0",
				"inherits": "^2.0.3",
				"readable-stream": "^3.1.1"
			},
			"engines": {
				"node": ">=6"
			}
		},
		"node_modules/through": {
			"version": "2.3.8",
			"resolved": "https://registry.npmmirror.com/through/download/through-2.3.8.tgz",
			"integrity": "sha1-DdTJ/6q8NXlgsbckEV1+Doai4fU="
		},
		"node_modules/tr46": {
			"version": "0.0.3",
			"resolved": "https://registry.npmmirror.com/tr46/download/tr46-0.0.3.tgz",
			"integrity": "sha1-gYT9NH2snNwYWZLzpmIuFLnZq2o="
		},
		"node_modules/unbzip2-stream": {
			"version": "1.4.3",
			"resolved": "https://registry.npmmirror.com/unbzip2-stream/download/unbzip2-stream-1.4.3.tgz",
			"integrity": "sha1-sNoExDcTEd93HNwhXofyEwmRrOc=",
			"dependencies": {
				"buffer": "^5.2.1",
				"through": "^2.3.8"
			}
		},
		"node_modules/util-deprecate": {
			"version": "1.0.2",
			"resolved": "https://registry.npmmirror.com/util-deprecate/download/util-deprecate-1.0.2.tgz",
			"integrity": "sha1-RQ1Nyfpw3nMnYvvS1KKJgUGaDM8="
		},
		"node_modules/webidl-conversions": {
			"version": "3.0.1",
			"resolved": "https://registry.npmmirror.com/webidl-conversions/download/webidl-conversions-3.0.1.tgz",
			"integrity": "sha1-JFNCdeKnvGvnvIZhHMFq4KVlSHE="
		},
		"node_modules/whatwg-url": {
			"version": "5.0.0",
			"resolved": "https://registry.npmmirror.com/whatwg-url/download/whatwg-url-5.0.0.tgz?cache=0&sync_timestamp=1634673664859&other_urls=https%3A%2F%2Fregistry.npmmirror.com%2Fwhatwg-url%2Fdownload%2Fwhatwg-url-5.0.0.tgz",
			"integrity": "sha1-lmRU6HZUYuN2RNNib2dCzotwll0=",
			"dependencies": {
				"tr46": "~0.0.3",
				"webidl-conversions": "^3.0.0"
			}
		},
		"node_modules/wrappy": {
			"version": "1.0.2",
			"resolved": "https://registry.npmmirror.com/wrappy/download/wrappy-1.0.2.tgz",
			"integrity": "sha1-tSQ9jz7BqjXxNkYFvA0QNuMKtp8="
		},
		"node_modules/ws": {
			"version": "8.2.3",
			"resolved": "https://registry.npmmirror.com/ws/download/ws-8.2.3.tgz",
			"integrity": "sha512-wBuoj1BDpC6ZQ1B7DWQBYVLphPWkm8i9Y0/3YdHjHKHiohOJ1ws+3OccDWtH+PoC9DZD5WOTrJvNbWvjS6JWaA==",
			"engines": {
				"node": ">=10.0.0"
			},
			"peerDependencies": {
				"bufferutil": "^4.0.1",
				"utf-8-validate": "^5.0.2"
			},
			"peerDependenciesMeta": {
				"bufferutil": {
					"optional": true
				},
				"utf-8-validate": {
					"optional": true
				}
			}
		},
		"node_modules/yauzl": {
			"version": "2.10.0",
			"resolved": "https://registry.npmmirror.com/yauzl/download/yauzl-2.10.0.tgz",
			"integrity": "sha1-x+sXyT4RLLEIb6bY5R+wZnt5pfk=",
			"dependencies": {
				"buffer-crc32": "~0.2.3",
				"fd-slicer": "~1.1.0"
			}
		}
	},
	"dependencies": {
		"@types/node": {
			"version": "17.0.8",
			"resolved": "https://registry.npmmirror.com/@types/node/download/@types/node-17.0.8.tgz",
			"integrity": "sha512-YofkM6fGv4gDJq78g4j0mMuGMkZVxZDgtU0JRdx6FgiJDG+0fY0GKVolOV8WqVmEhLCXkQRjwDdKyPxJp/uucg==",
			"optional": true
		},
		"@types/yauzl": {
			"version": "2.9.2",
			"resolved": "https://registry.npmmirror.com/@types/yauzl/download/@types/yauzl-2.9.2.tgz?cache=0&sync_timestamp=1637271707608&other_urls=https%3A%2F%2Fregistry.npmmirror.com%2F%40types%2Fyauzl%2Fdownload%2F%40types%2Fyauzl-2.9.2.tgz",
			"integrity": "sha1-xI5dVq/xREQJ45+hZLC01FUqe3o=",
			"optional": true,
			"requires": {
				"@types/node": "*"
			}
		},
		"agent-base": {
			"version": "6.0.2",
			"resolved": "https://registry.npmmirror.com/agent-base/download/agent-base-6.0.2.tgz",
			"integrity": "sha1-Sf/1hXfP7j83F2/qtMIuAPhtf3c=",
			"requires": {
				"debug": "4"
			}
		},
		"balanced-match": {
			"version": "1.0.2",
			"resolved": "https://registry.npmmirror.com/balanced-match/download/balanced-match-1.0.2.tgz",
			"integrity": "sha1-6D46fj8wCzTLnYf2FfoMvzV2kO4="
		},
		"base64-js": {
			"version": "1.5.1",
			"resolved": "https://registry.npmmirror.com/base64-js/download/base64-js-1.5.1.tgz",
			"integrity": "sha1-GxtEAWClv3rUC2UPCVljSBkDkwo="
		},
		"bl": {
			"version": "4.1.0",
			"resolved": "https://registry.npmmirror.com/bl/download/bl-4.1.0.tgz",
			"integrity": "sha1-RRU1JkGCvsL7vIOmKrmM8R2fezo=",
			"requires": {
				"buffer": "^5.5.0",
				"inherits": "^2.0.4",
				"readable-stream": "^3.4.0"
			}
		},
		"brace-expansion": {
			"version": "1.1.11",
			"resolved": "https://registry.npmmirror.com/brace-expansion/download/brace-expansion-1.1.11.tgz",
			"integrity": "sha1-PH/L9SnYcibz0vUrlm/1Jx60Qd0=",
			"requires": {
				"balanced-match": "^1.0.0",
				"concat-map": "0.0.1"
			}
		},
		"buffer": {
			"version": "5.7.1",
			"resolved": "https://registry.npmmirror.com/buffer/download/buffer-5.7.1.tgz",
			"integrity": "sha512-EHcyIPBQ4BSGlvjB16k5KgAJ27CIsHY/2JBmCRReo48y9rQ3MaUzWX3KVlBa4U7MyX02HdVj0K7C3WaB3ju7FQ==",
			"requires": {
				"base64-js": "^1.3.1",
				"ieee754": "^1.1.13"
			}
		},
		"buffer-crc32": {
			"version": "0.2.13",
			"resolved": "https://registry.npmmirror.com/buffer-crc32/download/buffer-crc32-0.2.13.tgz",
			"integrity": "sha1-DTM+PwDqxQqhRUq9MO+MKl2ackI="
		},
		"chownr": {
			"version": "1.1.4",
			"resolved": "https://registry.npmmirror.com/chownr/download/chownr-1.1.4.tgz?cache=0&sync_timestamp=1632469585630&other_urls=https%3A%2F%2Fregistry.npmmirror.com%2Fchownr%2Fdownload%2Fchownr-1.1.4.tgz",
			"integrity": "sha1-b8nXtC0ypYNZYzdmbn0ICE2izGs="
		},
		"concat-map": {
			"version": "0.0.1",
			"resolved": "https://registry.npmmirror.com/concat-map/download/concat-map-0.0.1.tgz",
			"integrity": "sha1-2Klr13/Wjfd5OnMDajug1UBdR3s="
		},
		"debug": {
			"version": "4.3.2",
			"resolved": "https://registry.npmmirror.com/debug/download/debug-4.3.2.tgz",
			"integrity": "sha512-mOp8wKcvj7XxC78zLgw/ZA+6TSgkoE2C/ienthhRD298T7UNwAg9diBpLRxC0mOezLl4B0xV7M0cCO6P/O0Xhw==",
			"requires": {
				"ms": "2.1.2"
			}
		},
		"devtools-protocol": {
			"version": "0.0.937139",
			"resolved": "https://registry.npmmirror.com/devtools-protocol/download/devtools-protocol-0.0.937139.tgz",
			"integrity": "sha1-ve43Uf39uBy3Af06+pSxBl2vr88="
		},
		"end-of-stream": {
			"version": "1.4.4",
			"resolved": "https://registry.npmmirror.com/end-of-stream/download/end-of-stream-1.4.4.tgz?cache=0&sync_timestamp=1632469585035&other_urls=https%3A%2F%2Fregistry.npmmirror.com%2Fend-of-stream%2Fdownload%2Fend-of-stream-1.4.4.tgz",
			"integrity": "sha1-WuZKX0UFe682JuwU2gyl5LJDHrA=",
			"requires": {
				"once": "^1.4.0"
			}
		},
		"extract-zip": {
			"version": "2.0.1",
			"resolved": "https://registry.npmmirror.com/extract-zip/download/extract-zip-2.0.1.tgz",
			"integrity": "sha1-Zj3KVv5G34kNXxMe9KBtIruLoTo=",
			"requires": {
				"@types/yauzl": "^2.9.1",
				"debug": "^4.1.1",
				"get-stream": "^5.1.0",
				"yauzl": "^2.10.0"
			}
		},
		"fd-slicer": {
			"version": "1.1.0",
			"resolved": "https://registry.npmmirror.com/fd-slicer/download/fd-slicer-1.1.0.tgz",
			"integrity": "sha1-JcfInLH5B3+IkbvmHY85Dq4lbx4=",
			"requires": {
				"pend": "~1.2.0"
			}
		},
		"find-up": {
			"version": "4.1.0",
			"resolved": "https://registry.npmmirror.com/find-up/download/find-up-4.1.0.tgz?cache=0&sync_timestamp=1633618659233&other_urls=https%3A%2F%2Fregistry.npmmirror.com%2Ffind-up%2Fdownload%2Ffind-up-4.1.0.tgz",
			"integrity": "sha1-l6/n1s3AvFkoWEt8jXsW6KmqXRk=",
			"requires": {
				"locate-path": "^5.0.0",
				"path-exists": "^4.0.0"
			}
		},
		"fs-constants": {
			"version": "1.0.0",
			"resolved": "https://registry.npmmirror.com/fs-constants/download/fs-constants-1.0.0.tgz",
			"integrity": "sha1-a+Dem+mYzhavivwkSXue6bfM2a0="
		},
		"fs.realpath": {
			"version": "1.0.0",
			"resolved": "https://registry.npmmirror.com/fs.realpath/download/fs.realpath-1.0.0.tgz",
			"integrity": "sha1-FQStJSMVjKpA20onh8sBQRmU6k8="
		},
		"get-stream": {
			"version": "5.2.0",
			"resolved": "https://registry.npmmirror.com/get-stream/download/get-stream-5.2.0.tgz",
			"integrity": "sha1-SWaheV7lrOZecGxLe+txJX1uItM=",
			"requires": {
				"pump": "^3.0.0"
			}
		},
		"glob": {
			"version": "7.2.0",
			"resolved": "https://registry.npmmirror.com/glob/download/glob-7.2.0.tgz",
			"integrity": "sha512-lmLf6gtyrPq8tTjSmrO94wBeQbFR3HbLHbuyD69wuyQkImp2hWqMGB47OX65FBkPffO641IP9jWa1z4ivqG26Q==",
			"requires": {
				"fs.realpath": "^1.0.0",
				"inflight": "^1.0.4",
				"inherits": "2",
				"minimatch": "^3.0.4",
				"once": "^1.3.0",
				"path-is-absolute": "^1.0.0"
			}
		},
		"https-proxy-agent": {
			"version": "5.0.0",
			"resolved": "https://registry.npmmirror.com/https-proxy-agent/download/https-proxy-agent-5.0.0.tgz",
			"integrity": "sha1-4qkFQqu2inYuCghQ9sntrf2FBrI=",
			"requires": {
				"agent-base": "6",
				"debug": "4"
			}
		},
		"ieee754": {
			"version": "1.2.1",
			"resolved": "https://registry.npmmirror.com/ieee754/download/ieee754-1.2.1.tgz",
			"integrity": "sha1-jrehCmP/8l0VpXsAFYbRd9Gw01I="
		},
		"inflight": {
			"version": "1.0.6",
			"resolved": "https://registry.npmmirror.com/inflight/download/inflight-1.0.6.tgz",
			"integrity": "sha1-Sb1jMdfQLQwJvJEKEHW6gWW1bfk=",
			"requires": {
				"once": "^1.3.0",
				"wrappy": "1"
			}
		},
		"inherits": {
			"version": "2.0.4",
			"resolved": "https://registry.npmmirror.com/inherits/download/inherits-2.0.4.tgz",
			"integrity": "sha1-D6LGT5MpF8NDOg3tVTY6rjdBa3w="
		},
		"locate-path": {
			"version": "5.0.0",
			"resolved": "https://registry.npmmirror.com/locate-path/download/locate-path-5.0.0.tgz",
			"integrity": "sha1-Gvujlq/WdqbUJQTQpno6frn2KqA=",
			"requires": {
				"p-locate": "^4.1.0"
			}
		},
		"minimatch": {
			"version": "3.0.4",
			"resolved": "https://registry.npmmirror.com/minimatch/download/minimatch-3.0.4.tgz",
			"integrity": "sha1-UWbihkV/AzBgZL5Ul+jbsMPTIIM=",
			"requires": {
				"brace-expansion": "^1.1.7"
			}
		},
		"mkdirp-classic": {
			"version": "0.5.3",
			"resolved": "https://registry.npmmirror.com/mkdirp-classic/download/mkdirp-classic-0.5.3.tgz?cache=0&sync_timestamp=1632754279937&other_urls=https%3A%2F%2Fregistry.npmmirror.com%2Fmkdirp-classic%2Fdownload%2Fmkdirp-classic-0.5.3.tgz",
			"integrity": "sha1-+hDJEVzG2IZb4iG6R+6b7XhgERM="
		},
		"ms": {
			"version": "2.1.2",
			"resolved": "https://registry.npmmirror.com/ms/download/ms-2.1.2.tgz",
			"integrity": "sha1-0J0fNXtEP0kzgqjrPM0YOHKuYAk="
		},
		"node-fetch": {
			"version": "2.6.5",
			"resolved": "https://registry.npmmirror.com/node-fetch/download/node-fetch-2.6.5.tgz",
			"integrity": "sha1-QnNVN9fwgKfl94tsVJtxRr4XQv0=",
			"requires": {
				"whatwg-url": "^5.0.0"
			}
		},
		"once": {
			"version": "1.4.0",
			"resolved": "https://registry.npmmirror.com/once/download/once-1.4.0.tgz",
			"integrity": "sha1-WDsap3WWHUsROsF9nFC6753Xa9E=",
			"requires": {
				"wrappy": "1"
			}
		},
		"p-limit": {
			"version": "2.3.0",
			"resolved": "https://registry.npmmirror.com/p-limit/download/p-limit-2.3.0.tgz",
			"integrity": "sha1-PdM8ZHohT9//2DWTPrCG2g3CHbE=",
			"requires": {
				"p-try": "^2.0.0"
			}
		},
		"p-locate": {
			"version": "4.1.0",
			"resolved": "https://registry.npmmirror.com/p-locate/download/p-locate-4.1.0.tgz",
			"integrity": "sha1-o0KLtwiLOmApL2aRkni3wpetTwc=",
			"requires": {
				"p-limit": "^2.2.0"
			}
		},
		"p-try": {
			"version": "2.2.0",
			"resolved": "https://registry.npmmirror.com/p-try/download/p-try-2.2.0.tgz",
			"integrity": "sha1-yyhoVA4xPWHeWPr741zpAE1VQOY="
		},
		"path-exists": {
			"version": "4.0.0",
			"resolved": "https://registry.npmmirror.com/path-exists/download/path-exists-4.0.0.tgz",
			"integrity": "sha1-UTvb4tO5XXdi6METfvoZXGxhtbM="
		},
		"path-is-absolute": {
			"version": "1.0.1",
			"resolved": "https://registry.npmmirror.com/path-is-absolute/download/path-is-absolute-1.0.1.tgz",
			"integrity": "sha1-F0uSaHNVNP+8es5r9TpanhtcX18="
		},
		"pend": {
			"version": "1.2.0",
			"resolved": "https://registry.npmmirror.com/pend/download/pend-1.2.0.tgz",
			"integrity": "sha1-elfrVQpng/kRUzH89GY9XI4AelA="
		},
		"pkg-dir": {
			"version": "4.2.0",
			"resolved": "https://registry.npmmirror.com/pkg-dir/download/pkg-dir-4.2.0.tgz?cache=0&sync_timestamp=1633498184785&other_urls=https%3A%2F%2Fregistry.npmmirror.com%2Fpkg-dir%2Fdownload%2Fpkg-dir-4.2.0.tgz",
			"integrity": "sha1-8JkTPfft5CLoHR2ESCcO6z5CYfM=",
			"requires": {
				"find-up": "^4.0.0"
			}
		},
		"progress": {
			"version": "2.0.3",
			"resolved": "https://registry.npmmirror.com/progress/download/progress-2.0.3.tgz",
			"integrity": "sha512-7PiHtLll5LdnKIMw100I+8xJXR5gW2QwWYkT6iJva0bXitZKa/XMrSbdmg3r2Xnaidz9Qumd0VPaMrZlF9V9sA=="
		},
		"proxy-from-env": {
			"version": "1.1.0",
			"resolved": "https://registry.npmmirror.com/proxy-from-env/download/proxy-from-env-1.1.0.tgz",
			"integrity": "sha1-4QLxbKNVQkhldV0sno6k8k1Yw+I="
		},
		"pump": {
			"version": "3.0.0",
			"resolved": "https://registry.npmmirror.com/pump/download/pump-3.0.0.tgz",
			"integrity": "sha1-tKIRaBW94vTh6mAjVOjHVWUQemQ=",
			"requires": {
				"end-of-stream": "^1.1.0",
				"once": "^1.3.1"
			}
		},
		"puppeteer": {
			"version": "13.0.1",
			"resolved": "https://registry.npmmirror.com/puppeteer/download/puppeteer-13.0.1.tgz",
			"integrity": "sha512-wqGIx59LzYqWhYcJQphMT+ux0sgatEUbjKG0lbjJxNVqVIT3ZC5m4Bvmq2gHE3qhb63EwS+rNkql08bm4BvO0A==",
			"requires": {
				"debug": "4.3.2",
				"devtools-protocol": "0.0.937139",
				"extract-zip": "2.0.1",
				"https-proxy-agent": "5.0.0",
				"node-fetch": "2.6.5",
				"pkg-dir": "4.2.0",
				"progress": "2.0.3",
				"proxy-from-env": "1.1.0",
				"rimraf": "3.0.2",
				"tar-fs": "2.1.1",
				"unbzip2-stream": "1.4.3",
				"ws": "8.2.3"
			}
		},
		"readable-stream": {
			"version": "3.6.0",
			"resolved": "https://registry.npmmirror.com/readable-stream/download/readable-stream-3.6.0.tgz?cache=0&sync_timestamp=1632380409088&other_urls=https%3A%2F%2Fregistry.npmmirror.com%2Freadable-stream%2Fdownload%2Freadable-stream-3.6.0.tgz",
			"integrity": "sha1-M3u9o63AcGvT4CRCaihtS0sskZg=",
			"requires": {
				"inherits": "^2.0.3",
				"string_decoder": "^1.1.1",
				"util-deprecate": "^1.0.1"
			}
		},
		"rimraf": {
			"version": "3.0.2",
			"resolved": "https://registry.npmmirror.com/rimraf/download/rimraf-3.0.2.tgz",
			"integrity": "sha1-8aVAK6YiCtUswSgrrBrjqkn9Bho=",
			"requires": {
				"glob": "^7.1.3"
			}
		},
		"safe-buffer": {
			"version": "5.2.1",
			"resolved": "https://registry.npmmirror.com/safe-buffer/download/safe-buffer-5.2.1.tgz",
			"integrity": "sha1-Hq+fqb2x/dTsdfWPnNtOa3gn7sY="
		},
		"string_decoder": {
			"version": "1.3.0",
			"resolved": "https://registry.npmmirror.com/string_decoder/download/string_decoder-1.3.0.tgz",
			"integrity": "sha1-QvEUWUpGzxqOMLCoT1bHjD7awh4=",
			"requires": {
				"safe-buffer": "~5.2.0"
			}
		},
		"tar-fs": {
			"version": "2.1.1",
			"resolved": "https://registry.npmmirror.com/tar-fs/download/tar-fs-2.1.1.tgz",
			"integrity": "sha1-SJoVq4Xx8L76uzcLfeT561y+h4Q=",
			"requires": {
				"chownr": "^1.1.1",
				"mkdirp-classic": "^0.5.2",
				"pump": "^3.0.0",
				"tar-stream": "^2.1.4"
			}
		},
		"tar-stream": {
			"version": "2.2.0",
			"resolved": "https://registry.npmmirror.com/tar-stream/download/tar-stream-2.2.0.tgz",
			"integrity": "sha1-rK2EwoQTawYNw/qmRHSqmuvXcoc=",
			"requires": {
				"bl": "^4.0.3",
				"end-of-stream": "^1.4.1",
				"fs-constants": "^1.0.0",
				"inherits": "^2.0.3",
				"readable-stream": "^3.1.1"
			}
		},
		"through": {
			"version": "2.3.8",
			"resolved": "https://registry.npmmirror.com/through/download/through-2.3.8.tgz",
			"integrity": "sha1-DdTJ/6q8NXlgsbckEV1+Doai4fU="
		},
		"tr46": {
			"version": "0.0.3",
			"resolved": "https://registry.npmmirror.com/tr46/download/tr46-0.0.3.tgz",
			"integrity": "sha1-gYT9NH2snNwYWZLzpmIuFLnZq2o="
		},
		"unbzip2-stream": {
			"version": "1.4.3",
			"resolved": "https://registry.npmmirror.com/unbzip2-stream/download/unbzip2-stream-1.4.3.tgz",
			"integrity": "sha1-sNoExDcTEd93HNwhXofyEwmRrOc=",
			"requires": {
				"buffer": "^5.2.1",
				"through": "^2.3.8"
			}
		},
		"util-deprecate": {
			"version": "1.0.2",
			"resolved": "https://registry.npmmirror.com/util-deprecate/download/util-deprecate-1.0.2.tgz",
			"integrity": "sha1-RQ1Nyfpw3nMnYvvS1KKJgUGaDM8="
		},
		"webidl-conversions": {
			"version": "3.0.1",
			"resolved": "https://registry.npmmirror.com/webidl-conversions/download/webidl-conversions-3.0.1.tgz",
			"integrity": "sha1-JFNCdeKnvGvnvIZhHMFq4KVlSHE="
		},
		"whatwg-url": {
			"version": "5.0.0",
			"resolved": "https://registry.npmmirror.com/whatwg-url/download/whatwg-url-5.0.0.tgz?cache=0&sync_timestamp=1634673664859&other_urls=https%3A%2F%2Fregistry.npmmirror.com%2Fwhatwg-url%2Fdownload%2Fwhatwg-url-5.0.0.tgz",
			"integrity": "sha1-lmRU6HZUYuN2RNNib2dCzotwll0=",
			"requires": {
				"tr46": "~0.0.3",
				"webidl-conversions": "^3.0.0"
			}
		},
		"wrappy": {
			"version": "1.0.2",
			"resolved": "https://registry.npmmirror.com/wrappy/download/wrappy-1.0.2.tgz",
			"integrity": "sha1-tSQ9jz7BqjXxNkYFvA0QNuMKtp8="
		},
		"ws": {
			"version": "8.2.3",
			"resolved": "https://registry.npmmirror.com/ws/download/ws-8.2.3.tgz",
			"integrity": "sha512-wBuoj1BDpC6ZQ1B7DWQBYVLphPWkm8i9Y0/3YdHjHKHiohOJ1ws+3OccDWtH+PoC9DZD5WOTrJvNbWvjS6JWaA==",
			"requires": {}
		},
		"yauzl": {
			"version": "2.10.0",
			"resolved": "https://registry.npmmirror.com/yauzl/download/yauzl-2.10.0.tgz",
			"integrity": "sha1-x+sXyT4RLLEIb6bY5R+wZnt5pfk=",
			"requires": {
				"buffer-crc32": "~0.2.3",
				"fd-slicer": "~1.1.0"
			}
		}
	}
}
