{
	"name": "@webest/web-page-monitor-helper",
	"version": "0.0.0",
	"lockfileVersion": 2,
	"requires": true,
	"packages": {
		"": {
			"name": "@webest/web-page-monitor-helper",
			"version": "0.0.0",
			"license": "SEE LICENSE IN LICENSE.md",
			"dependencies": {
				"cron": "1.8.2"
			},
			"devDependencies": {
				"@types/cron": "1.7.3"
			}
		},
		"node_modules/@types/cron": {
			"version": "1.7.3",
			"resolved": "https://registry.npmmirror.com/@types/cron/download/@types/cron-1.7.3.tgz",
			"integrity": "sha1-mT231UZG9hEoyFFge2S6RJXerpM=",
			"dev": true,
			"dependencies": {
				"@types/node": "*",
				"moment": ">=2.14.0"
			}
		},
		"node_modules/@types/node": {
			"version": "17.0.10",
			"resolved": "https://registry.npmmirror.com/@types/node/download/@types/node-17.0.10.tgz",
			"integrity": "sha512-S/3xB4KzyFxYGCppyDt68yzBU9ysL88lSdIah4D6cptdcltc4NCPCAMc0+PCpg/lLIyC7IPvj2Z52OJWeIUkog==",
			"dev": true
		},
		"node_modules/cron": {
			"version": "1.8.2",
			"resolved": "https://registry.npmmirror.com/cron/download/cron-1.8.2.tgz",
			"integrity": "sha1-SsXjxVuowWPYTzQHvelGMtqDcM4=",
			"dependencies": {
				"moment-timezone": "^0.5.x"
			}
		},
		"node_modules/moment": {
			"version": "2.29.1",
			"resolved": "https://registry.npmmirror.com/moment/download/moment-2.29.1.tgz",
			"integrity": "sha512-kHmoybcPV8Sqy59DwNDY3Jefr64lK/by/da0ViFcuA4DH0vQg5Q6Ze5VimxkfQNSC+Mls/Kx53s7TjP1RhFEDQ==",
			"engines": {
				"node": "*"
			}
		},
		"node_modules/moment-timezone": {
			"version": "0.5.34",
			"resolved": "https://registry.npmmirror.com/moment-timezone/download/moment-timezone-0.5.34.tgz?cache=0&sync_timestamp=1636519927924&other_urls=https%3A%2F%2Fregistry.npmmirror.com%2Fmoment-timezone%2Fdownload%2Fmoment-timezone-0.5.34.tgz",
			"integrity": "sha512-3zAEHh2hKUs3EXLESx/wsgw6IQdusOT8Bxm3D9UrHPQR7zlMmzwybC8zHEM1tQ4LJwP7fcxrWr8tuBg05fFCbg==",
			"dependencies": {
				"moment": ">= 2.9.0"
			},
			"engines": {
				"node": "*"
			}
		}
	},
	"dependencies": {
		"@types/cron": {
			"version": "1.7.3",
			"resolved": "https://registry.npmmirror.com/@types/cron/download/@types/cron-1.7.3.tgz",
			"integrity": "sha1-mT231UZG9hEoyFFge2S6RJXerpM=",
			"dev": true,
			"requires": {
				"@types/node": "*",
				"moment": ">=2.14.0"
			}
		},
		"@types/node": {
			"version": "17.0.10",
			"resolved": "https://registry.npmmirror.com/@types/node/download/@types/node-17.0.10.tgz",
			"integrity": "sha512-S/3xB4KzyFxYGCppyDt68yzBU9ysL88lSdIah4D6cptdcltc4NCPCAMc0+PCpg/lLIyC7IPvj2Z52OJWeIUkog==",
			"dev": true
		},
		"cron": {
			"version": "1.8.2",
			"resolved": "https://registry.npmmirror.com/cron/download/cron-1.8.2.tgz",
			"integrity": "sha1-SsXjxVuowWPYTzQHvelGMtqDcM4=",
			"requires": {
				"moment-timezone": "^0.5.x"
			}
		},
		"moment": {
			"version": "2.29.1",
			"resolved": "https://registry.npmmirror.com/moment/download/moment-2.29.1.tgz",
			"integrity": "sha512-kHmoybcPV8Sqy59DwNDY3Jefr64lK/by/da0ViFcuA4DH0vQg5Q6Ze5VimxkfQNSC+Mls/Kx53s7TjP1RhFEDQ=="
		},
		"moment-timezone": {
			"version": "0.5.34",
			"resolved": "https://registry.npmmirror.com/moment-timezone/download/moment-timezone-0.5.34.tgz?cache=0&sync_timestamp=1636519927924&other_urls=https%3A%2F%2Fregistry.npmmirror.com%2Fmoment-timezone%2Fdownload%2Fmoment-timezone-0.5.34.tgz",
			"integrity": "sha512-3zAEHh2hKUs3EXLESx/wsgw6IQdusOT8Bxm3D9UrHPQR7zlMmzwybC8zHEM1tQ4LJwP7fcxrWr8tuBg05fFCbg==",
			"requires": {
				"moment": ">= 2.9.0"
			}
		}
	}
}
